// !$*UTF8*$!
{
	archiveVersion = 1;
	classes = {
	};
	objectVersion = 52;
	objects = {

/* Begin PBXBuildFile section */
		C006F1AA2406B1F000C3F783 /* DictionaryDataDecodingStrategy.swift in Sources */ = {isa = PBXBuildFile; fileRef = C013EAFA23E1E0AF00F12CCB /* DictionaryDataDecodingStrategy.swift */; };
		C006F1AB2406B1F000C3F783 /* DictionaryDateDecodingStrategy.swift in Sources */ = {isa = PBXBuildFile; fileRef = C013EAF923E1E0AE00F12CCB /* DictionaryDateDecodingStrategy.swift */; };
		C006F1AC2406B1F000C3F783 /* DictionaryKeyDecodingStrategy.swift in Sources */ = {isa = PBXBuildFile; fileRef = C013EAF823E1E0AE00F12CCB /* DictionaryKeyDecodingStrategy.swift */; };
		C006F1AD2406B1F000C3F783 /* DictionaryNonConformingFloatDecodingStrategy.swift in Sources */ = {isa = PBXBuildFile; fileRef = C013EAFB23E1E0AF00F12CCB /* DictionaryNonConformingFloatDecodingStrategy.swift */; };
		C006F1AE2406B1F500C3F783 /* DictionaryComponentDecoder.swift in Sources */ = {isa = PBXBuildFile; fileRef = C013EAFC23E1E0AF00F12CCB /* DictionaryComponentDecoder.swift */; };
		C006F1AF2406B1F500C3F783 /* DictionaryDecoder.swift in Sources */ = {isa = PBXBuildFile; fileRef = C013EAF523E1E0AE00F12CCB /* DictionaryDecoder.swift */; };
		C006F1B02406B1F500C3F783 /* DictionaryDecodingOptions.swift in Sources */ = {isa = PBXBuildFile; fileRef = C013EAFF23E1E0AF00F12CCB /* DictionaryDecodingOptions.swift */; };
		C006F1B12406B1F500C3F783 /* DictionaryKeyedDecodingContainer.swift in Sources */ = {isa = PBXBuildFile; fileRef = C013EAF623E1E0AE00F12CCB /* DictionaryKeyedDecodingContainer.swift */; };
		C006F1B22406B1F500C3F783 /* DictionarySingleValueDecodingContainer.swift in Sources */ = {isa = PBXBuildFile; fileRef = C013EAFD23E1E0AF00F12CCB /* DictionarySingleValueDecodingContainer.swift */; };
		C006F1B32406B1F500C3F783 /* DictionaryUnkeyedDecodingContainer.swift in Sources */ = {isa = PBXBuildFile; fileRef = C013EAFE23E1E0AF00F12CCB /* DictionaryUnkeyedDecodingContainer.swift */; };
		C006F1B42406B1FA00C3F783 /* DictionaryDataEncodingStrategy.swift in Sources */ = {isa = PBXBuildFile; fileRef = C013EB0423E1E0AF00F12CCB /* DictionaryDataEncodingStrategy.swift */; };
		C006F1B52406B1FA00C3F783 /* DictionaryDateEncodingStrategy.swift in Sources */ = {isa = PBXBuildFile; fileRef = C013EB0323E1E0AF00F12CCB /* DictionaryDateEncodingStrategy.swift */; };
		C006F1B62406B1FA00C3F783 /* DictionaryKeyEncodingStrategy.swift in Sources */ = {isa = PBXBuildFile; fileRef = C013EB0223E1E0AF00F12CCB /* DictionaryKeyEncodingStrategy.swift */; };
		C006F1B72406B1FA00C3F783 /* DictionaryNonConformingFloatEncodingStrategy.swift in Sources */ = {isa = PBXBuildFile; fileRef = C013EB0523E1E0AF00F12CCB /* DictionaryNonConformingFloatEncodingStrategy.swift */; };
		C006F1B82406B1FE00C3F783 /* DictionaryAnyKeyedEncodingContainer.swift in Sources */ = {isa = PBXBuildFile; fileRef = C013EB0623E1E0AF00F12CCB /* DictionaryAnyKeyedEncodingContainer.swift */; };
		C006F1B92406B1FE00C3F783 /* DictionaryComponent.swift in Sources */ = {isa = PBXBuildFile; fileRef = C013EB0E23E1E0AF00F12CCB /* DictionaryComponent.swift */; };
		C006F1BA2406B1FE00C3F783 /* DictionaryComponentContainer.swift in Sources */ = {isa = PBXBuildFile; fileRef = C013EB0A23E1E0AF00F12CCB /* DictionaryComponentContainer.swift */; };
		C006F1BB2406B1FE00C3F783 /* DictionaryComponentEncoder.swift in Sources */ = {isa = PBXBuildFile; fileRef = C013EB0D23E1E0AF00F12CCB /* DictionaryComponentEncoder.swift */; };
		C006F1BC2406B1FE00C3F783 /* DictionaryEncoder.swift in Sources */ = {isa = PBXBuildFile; fileRef = C013EB0823E1E0AF00F12CCB /* DictionaryEncoder.swift */; };
		C006F1BD2406B1FE00C3F783 /* DictionaryEncodingOptions.swift in Sources */ = {isa = PBXBuildFile; fileRef = C013EB0B23E1E0AF00F12CCB /* DictionaryEncodingOptions.swift */; };
		C006F1BE2406B1FE00C3F783 /* DictionaryKeyedEncodingContainer.swift in Sources */ = {isa = PBXBuildFile; fileRef = C013EB0C23E1E0AF00F12CCB /* DictionaryKeyedEncodingContainer.swift */; };
		C006F1BF2406B1FE00C3F783 /* DictionarySingleValueEncodingContainer.swift in Sources */ = {isa = PBXBuildFile; fileRef = C013EB0923E1E0AF00F12CCB /* DictionarySingleValueEncodingContainer.swift */; };
		C006F1C02406B1FE00C3F783 /* DictionaryUnkeyedEncodingContainer.swift in Sources */ = {isa = PBXBuildFile; fileRef = C013EB0723E1E0AF00F12CCB /* DictionaryUnkeyedEncodingContainer.swift */; };
		C006F1C12406B20400C3F783 /* AnyCodingKey.swift in Sources */ = {isa = PBXBuildFile; fileRef = C013EAF323E1E0AE00F12CCB /* AnyCodingKey.swift */; };
		C006F1C22406B20400C3F783 /* Optional+Extensions.swift in Sources */ = {isa = PBXBuildFile; fileRef = C013EB5A23E1E23B00F12CCB /* Optional+Extensions.swift */; };
		C006F1C32406B20400C3F783 /* RangeReplaceableCollection+Extensions.swift in Sources */ = {isa = PBXBuildFile; fileRef = C013EAF223E1E0AE00F12CCB /* RangeReplaceableCollection+Extensions.swift */; };
		C013EB0F23E1E0AF00F12CCB /* RangeReplaceableCollection+Extensions.swift in Sources */ = {isa = PBXBuildFile; fileRef = C013EAF223E1E0AE00F12CCB /* RangeReplaceableCollection+Extensions.swift */; };
		C013EB1023E1E0AF00F12CCB /* RangeReplaceableCollection+Extensions.swift in Sources */ = {isa = PBXBuildFile; fileRef = C013EAF223E1E0AE00F12CCB /* RangeReplaceableCollection+Extensions.swift */; };
		C013EB1123E1E0AF00F12CCB /* RangeReplaceableCollection+Extensions.swift in Sources */ = {isa = PBXBuildFile; fileRef = C013EAF223E1E0AE00F12CCB /* RangeReplaceableCollection+Extensions.swift */; };
		C013EB1223E1E0AF00F12CCB /* AnyCodingKey.swift in Sources */ = {isa = PBXBuildFile; fileRef = C013EAF323E1E0AE00F12CCB /* AnyCodingKey.swift */; };
		C013EB1323E1E0AF00F12CCB /* AnyCodingKey.swift in Sources */ = {isa = PBXBuildFile; fileRef = C013EAF323E1E0AE00F12CCB /* AnyCodingKey.swift */; };
		C013EB1423E1E0AF00F12CCB /* AnyCodingKey.swift in Sources */ = {isa = PBXBuildFile; fileRef = C013EAF323E1E0AE00F12CCB /* AnyCodingKey.swift */; };
		C013EB1523E1E0AF00F12CCB /* DictionaryDecoder.swift in Sources */ = {isa = PBXBuildFile; fileRef = C013EAF523E1E0AE00F12CCB /* DictionaryDecoder.swift */; };
		C013EB1623E1E0AF00F12CCB /* DictionaryDecoder.swift in Sources */ = {isa = PBXBuildFile; fileRef = C013EAF523E1E0AE00F12CCB /* DictionaryDecoder.swift */; };
		C013EB1723E1E0AF00F12CCB /* DictionaryDecoder.swift in Sources */ = {isa = PBXBuildFile; fileRef = C013EAF523E1E0AE00F12CCB /* DictionaryDecoder.swift */; };
		C013EB1823E1E0AF00F12CCB /* DictionaryKeyedDecodingContainer.swift in Sources */ = {isa = PBXBuildFile; fileRef = C013EAF623E1E0AE00F12CCB /* DictionaryKeyedDecodingContainer.swift */; };
		C013EB1923E1E0AF00F12CCB /* DictionaryKeyedDecodingContainer.swift in Sources */ = {isa = PBXBuildFile; fileRef = C013EAF623E1E0AE00F12CCB /* DictionaryKeyedDecodingContainer.swift */; };
		C013EB1A23E1E0AF00F12CCB /* DictionaryKeyedDecodingContainer.swift in Sources */ = {isa = PBXBuildFile; fileRef = C013EAF623E1E0AE00F12CCB /* DictionaryKeyedDecodingContainer.swift */; };
		C013EB1B23E1E0AF00F12CCB /* DictionaryKeyDecodingStrategy.swift in Sources */ = {isa = PBXBuildFile; fileRef = C013EAF823E1E0AE00F12CCB /* DictionaryKeyDecodingStrategy.swift */; };
		C013EB1C23E1E0AF00F12CCB /* DictionaryKeyDecodingStrategy.swift in Sources */ = {isa = PBXBuildFile; fileRef = C013EAF823E1E0AE00F12CCB /* DictionaryKeyDecodingStrategy.swift */; };
		C013EB1D23E1E0AF00F12CCB /* DictionaryKeyDecodingStrategy.swift in Sources */ = {isa = PBXBuildFile; fileRef = C013EAF823E1E0AE00F12CCB /* DictionaryKeyDecodingStrategy.swift */; };
		C013EB1E23E1E0AF00F12CCB /* DictionaryDateDecodingStrategy.swift in Sources */ = {isa = PBXBuildFile; fileRef = C013EAF923E1E0AE00F12CCB /* DictionaryDateDecodingStrategy.swift */; };
		C013EB1F23E1E0AF00F12CCB /* DictionaryDateDecodingStrategy.swift in Sources */ = {isa = PBXBuildFile; fileRef = C013EAF923E1E0AE00F12CCB /* DictionaryDateDecodingStrategy.swift */; };
		C013EB2023E1E0AF00F12CCB /* DictionaryDateDecodingStrategy.swift in Sources */ = {isa = PBXBuildFile; fileRef = C013EAF923E1E0AE00F12CCB /* DictionaryDateDecodingStrategy.swift */; };
		C013EB2123E1E0AF00F12CCB /* DictionaryDataDecodingStrategy.swift in Sources */ = {isa = PBXBuildFile; fileRef = C013EAFA23E1E0AF00F12CCB /* DictionaryDataDecodingStrategy.swift */; };
		C013EB2223E1E0AF00F12CCB /* DictionaryDataDecodingStrategy.swift in Sources */ = {isa = PBXBuildFile; fileRef = C013EAFA23E1E0AF00F12CCB /* DictionaryDataDecodingStrategy.swift */; };
		C013EB2323E1E0AF00F12CCB /* DictionaryDataDecodingStrategy.swift in Sources */ = {isa = PBXBuildFile; fileRef = C013EAFA23E1E0AF00F12CCB /* DictionaryDataDecodingStrategy.swift */; };
		C013EB2423E1E0AF00F12CCB /* DictionaryNonConformingFloatDecodingStrategy.swift in Sources */ = {isa = PBXBuildFile; fileRef = C013EAFB23E1E0AF00F12CCB /* DictionaryNonConformingFloatDecodingStrategy.swift */; };
		C013EB2523E1E0AF00F12CCB /* DictionaryNonConformingFloatDecodingStrategy.swift in Sources */ = {isa = PBXBuildFile; fileRef = C013EAFB23E1E0AF00F12CCB /* DictionaryNonConformingFloatDecodingStrategy.swift */; };
		C013EB2623E1E0AF00F12CCB /* DictionaryNonConformingFloatDecodingStrategy.swift in Sources */ = {isa = PBXBuildFile; fileRef = C013EAFB23E1E0AF00F12CCB /* DictionaryNonConformingFloatDecodingStrategy.swift */; };
		C013EB2723E1E0AF00F12CCB /* DictionaryComponentDecoder.swift in Sources */ = {isa = PBXBuildFile; fileRef = C013EAFC23E1E0AF00F12CCB /* DictionaryComponentDecoder.swift */; };
		C013EB2823E1E0AF00F12CCB /* DictionaryComponentDecoder.swift in Sources */ = {isa = PBXBuildFile; fileRef = C013EAFC23E1E0AF00F12CCB /* DictionaryComponentDecoder.swift */; };
		C013EB2923E1E0AF00F12CCB /* DictionaryComponentDecoder.swift in Sources */ = {isa = PBXBuildFile; fileRef = C013EAFC23E1E0AF00F12CCB /* DictionaryComponentDecoder.swift */; };
		C013EB2A23E1E0AF00F12CCB /* DictionarySingleValueDecodingContainer.swift in Sources */ = {isa = PBXBuildFile; fileRef = C013EAFD23E1E0AF00F12CCB /* DictionarySingleValueDecodingContainer.swift */; };
		C013EB2B23E1E0AF00F12CCB /* DictionarySingleValueDecodingContainer.swift in Sources */ = {isa = PBXBuildFile; fileRef = C013EAFD23E1E0AF00F12CCB /* DictionarySingleValueDecodingContainer.swift */; };
		C013EB2C23E1E0AF00F12CCB /* DictionarySingleValueDecodingContainer.swift in Sources */ = {isa = PBXBuildFile; fileRef = C013EAFD23E1E0AF00F12CCB /* DictionarySingleValueDecodingContainer.swift */; };
		C013EB2D23E1E0AF00F12CCB /* DictionaryUnkeyedDecodingContainer.swift in Sources */ = {isa = PBXBuildFile; fileRef = C013EAFE23E1E0AF00F12CCB /* DictionaryUnkeyedDecodingContainer.swift */; };
		C013EB2E23E1E0AF00F12CCB /* DictionaryUnkeyedDecodingContainer.swift in Sources */ = {isa = PBXBuildFile; fileRef = C013EAFE23E1E0AF00F12CCB /* DictionaryUnkeyedDecodingContainer.swift */; };
		C013EB2F23E1E0AF00F12CCB /* DictionaryUnkeyedDecodingContainer.swift in Sources */ = {isa = PBXBuildFile; fileRef = C013EAFE23E1E0AF00F12CCB /* DictionaryUnkeyedDecodingContainer.swift */; };
		C013EB3023E1E0AF00F12CCB /* DictionaryDecodingOptions.swift in Sources */ = {isa = PBXBuildFile; fileRef = C013EAFF23E1E0AF00F12CCB /* DictionaryDecodingOptions.swift */; };
		C013EB3123E1E0AF00F12CCB /* DictionaryDecodingOptions.swift in Sources */ = {isa = PBXBuildFile; fileRef = C013EAFF23E1E0AF00F12CCB /* DictionaryDecodingOptions.swift */; };
		C013EB3223E1E0AF00F12CCB /* DictionaryDecodingOptions.swift in Sources */ = {isa = PBXBuildFile; fileRef = C013EAFF23E1E0AF00F12CCB /* DictionaryDecodingOptions.swift */; };
		C013EB3323E1E0AF00F12CCB /* DictionaryKeyEncodingStrategy.swift in Sources */ = {isa = PBXBuildFile; fileRef = C013EB0223E1E0AF00F12CCB /* DictionaryKeyEncodingStrategy.swift */; };
		C013EB3423E1E0AF00F12CCB /* DictionaryKeyEncodingStrategy.swift in Sources */ = {isa = PBXBuildFile; fileRef = C013EB0223E1E0AF00F12CCB /* DictionaryKeyEncodingStrategy.swift */; };
		C013EB3523E1E0AF00F12CCB /* DictionaryKeyEncodingStrategy.swift in Sources */ = {isa = PBXBuildFile; fileRef = C013EB0223E1E0AF00F12CCB /* DictionaryKeyEncodingStrategy.swift */; };
		C013EB3623E1E0AF00F12CCB /* DictionaryDateEncodingStrategy.swift in Sources */ = {isa = PBXBuildFile; fileRef = C013EB0323E1E0AF00F12CCB /* DictionaryDateEncodingStrategy.swift */; };
		C013EB3723E1E0AF00F12CCB /* DictionaryDateEncodingStrategy.swift in Sources */ = {isa = PBXBuildFile; fileRef = C013EB0323E1E0AF00F12CCB /* DictionaryDateEncodingStrategy.swift */; };
		C013EB3823E1E0AF00F12CCB /* DictionaryDateEncodingStrategy.swift in Sources */ = {isa = PBXBuildFile; fileRef = C013EB0323E1E0AF00F12CCB /* DictionaryDateEncodingStrategy.swift */; };
		C013EB3923E1E0AF00F12CCB /* DictionaryDataEncodingStrategy.swift in Sources */ = {isa = PBXBuildFile; fileRef = C013EB0423E1E0AF00F12CCB /* DictionaryDataEncodingStrategy.swift */; };
		C013EB3A23E1E0AF00F12CCB /* DictionaryDataEncodingStrategy.swift in Sources */ = {isa = PBXBuildFile; fileRef = C013EB0423E1E0AF00F12CCB /* DictionaryDataEncodingStrategy.swift */; };
		C013EB3B23E1E0AF00F12CCB /* DictionaryDataEncodingStrategy.swift in Sources */ = {isa = PBXBuildFile; fileRef = C013EB0423E1E0AF00F12CCB /* DictionaryDataEncodingStrategy.swift */; };
		C013EB3C23E1E0AF00F12CCB /* DictionaryNonConformingFloatEncodingStrategy.swift in Sources */ = {isa = PBXBuildFile; fileRef = C013EB0523E1E0AF00F12CCB /* DictionaryNonConformingFloatEncodingStrategy.swift */; };
		C013EB3D23E1E0AF00F12CCB /* DictionaryNonConformingFloatEncodingStrategy.swift in Sources */ = {isa = PBXBuildFile; fileRef = C013EB0523E1E0AF00F12CCB /* DictionaryNonConformingFloatEncodingStrategy.swift */; };
		C013EB3E23E1E0AF00F12CCB /* DictionaryNonConformingFloatEncodingStrategy.swift in Sources */ = {isa = PBXBuildFile; fileRef = C013EB0523E1E0AF00F12CCB /* DictionaryNonConformingFloatEncodingStrategy.swift */; };
		C013EB3F23E1E0AF00F12CCB /* DictionaryAnyKeyedEncodingContainer.swift in Sources */ = {isa = PBXBuildFile; fileRef = C013EB0623E1E0AF00F12CCB /* DictionaryAnyKeyedEncodingContainer.swift */; };
		C013EB4023E1E0AF00F12CCB /* DictionaryAnyKeyedEncodingContainer.swift in Sources */ = {isa = PBXBuildFile; fileRef = C013EB0623E1E0AF00F12CCB /* DictionaryAnyKeyedEncodingContainer.swift */; };
		C013EB4123E1E0AF00F12CCB /* DictionaryAnyKeyedEncodingContainer.swift in Sources */ = {isa = PBXBuildFile; fileRef = C013EB0623E1E0AF00F12CCB /* DictionaryAnyKeyedEncodingContainer.swift */; };
		C013EB4223E1E0AF00F12CCB /* DictionaryUnkeyedEncodingContainer.swift in Sources */ = {isa = PBXBuildFile; fileRef = C013EB0723E1E0AF00F12CCB /* DictionaryUnkeyedEncodingContainer.swift */; };
		C013EB4323E1E0AF00F12CCB /* DictionaryUnkeyedEncodingContainer.swift in Sources */ = {isa = PBXBuildFile; fileRef = C013EB0723E1E0AF00F12CCB /* DictionaryUnkeyedEncodingContainer.swift */; };
		C013EB4423E1E0AF00F12CCB /* DictionaryUnkeyedEncodingContainer.swift in Sources */ = {isa = PBXBuildFile; fileRef = C013EB0723E1E0AF00F12CCB /* DictionaryUnkeyedEncodingContainer.swift */; };
		C013EB4523E1E0AF00F12CCB /* DictionaryEncoder.swift in Sources */ = {isa = PBXBuildFile; fileRef = C013EB0823E1E0AF00F12CCB /* DictionaryEncoder.swift */; };
		C013EB4623E1E0AF00F12CCB /* DictionaryEncoder.swift in Sources */ = {isa = PBXBuildFile; fileRef = C013EB0823E1E0AF00F12CCB /* DictionaryEncoder.swift */; };
		C013EB4723E1E0AF00F12CCB /* DictionaryEncoder.swift in Sources */ = {isa = PBXBuildFile; fileRef = C013EB0823E1E0AF00F12CCB /* DictionaryEncoder.swift */; };
		C013EB4823E1E0AF00F12CCB /* DictionarySingleValueEncodingContainer.swift in Sources */ = {isa = PBXBuildFile; fileRef = C013EB0923E1E0AF00F12CCB /* DictionarySingleValueEncodingContainer.swift */; };
		C013EB4923E1E0AF00F12CCB /* DictionarySingleValueEncodingContainer.swift in Sources */ = {isa = PBXBuildFile; fileRef = C013EB0923E1E0AF00F12CCB /* DictionarySingleValueEncodingContainer.swift */; };
		C013EB4A23E1E0AF00F12CCB /* DictionarySingleValueEncodingContainer.swift in Sources */ = {isa = PBXBuildFile; fileRef = C013EB0923E1E0AF00F12CCB /* DictionarySingleValueEncodingContainer.swift */; };
		C013EB4B23E1E0AF00F12CCB /* DictionaryComponentContainer.swift in Sources */ = {isa = PBXBuildFile; fileRef = C013EB0A23E1E0AF00F12CCB /* DictionaryComponentContainer.swift */; };
		C013EB4C23E1E0AF00F12CCB /* DictionaryComponentContainer.swift in Sources */ = {isa = PBXBuildFile; fileRef = C013EB0A23E1E0AF00F12CCB /* DictionaryComponentContainer.swift */; };
		C013EB4D23E1E0AF00F12CCB /* DictionaryComponentContainer.swift in Sources */ = {isa = PBXBuildFile; fileRef = C013EB0A23E1E0AF00F12CCB /* DictionaryComponentContainer.swift */; };
		C013EB4E23E1E0AF00F12CCB /* DictionaryEncodingOptions.swift in Sources */ = {isa = PBXBuildFile; fileRef = C013EB0B23E1E0AF00F12CCB /* DictionaryEncodingOptions.swift */; };
		C013EB4F23E1E0AF00F12CCB /* DictionaryEncodingOptions.swift in Sources */ = {isa = PBXBuildFile; fileRef = C013EB0B23E1E0AF00F12CCB /* DictionaryEncodingOptions.swift */; };
		C013EB5023E1E0AF00F12CCB /* DictionaryEncodingOptions.swift in Sources */ = {isa = PBXBuildFile; fileRef = C013EB0B23E1E0AF00F12CCB /* DictionaryEncodingOptions.swift */; };
		C013EB5123E1E0AF00F12CCB /* DictionaryKeyedEncodingContainer.swift in Sources */ = {isa = PBXBuildFile; fileRef = C013EB0C23E1E0AF00F12CCB /* DictionaryKeyedEncodingContainer.swift */; };
		C013EB5223E1E0AF00F12CCB /* DictionaryKeyedEncodingContainer.swift in Sources */ = {isa = PBXBuildFile; fileRef = C013EB0C23E1E0AF00F12CCB /* DictionaryKeyedEncodingContainer.swift */; };
		C013EB5323E1E0AF00F12CCB /* DictionaryKeyedEncodingContainer.swift in Sources */ = {isa = PBXBuildFile; fileRef = C013EB0C23E1E0AF00F12CCB /* DictionaryKeyedEncodingContainer.swift */; };
		C013EB5423E1E0AF00F12CCB /* DictionaryComponentEncoder.swift in Sources */ = {isa = PBXBuildFile; fileRef = C013EB0D23E1E0AF00F12CCB /* DictionaryComponentEncoder.swift */; };
		C013EB5523E1E0AF00F12CCB /* DictionaryComponentEncoder.swift in Sources */ = {isa = PBXBuildFile; fileRef = C013EB0D23E1E0AF00F12CCB /* DictionaryComponentEncoder.swift */; };
		C013EB5623E1E0AF00F12CCB /* DictionaryComponentEncoder.swift in Sources */ = {isa = PBXBuildFile; fileRef = C013EB0D23E1E0AF00F12CCB /* DictionaryComponentEncoder.swift */; };
		C013EB5723E1E0AF00F12CCB /* DictionaryComponent.swift in Sources */ = {isa = PBXBuildFile; fileRef = C013EB0E23E1E0AF00F12CCB /* DictionaryComponent.swift */; };
		C013EB5823E1E0AF00F12CCB /* DictionaryComponent.swift in Sources */ = {isa = PBXBuildFile; fileRef = C013EB0E23E1E0AF00F12CCB /* DictionaryComponent.swift */; };
		C013EB5923E1E0AF00F12CCB /* DictionaryComponent.swift in Sources */ = {isa = PBXBuildFile; fileRef = C013EB0E23E1E0AF00F12CCB /* DictionaryComponent.swift */; };
		C013EB5B23E1E23B00F12CCB /* Optional+Extensions.swift in Sources */ = {isa = PBXBuildFile; fileRef = C013EB5A23E1E23B00F12CCB /* Optional+Extensions.swift */; };
		C013EB5C23E1E23B00F12CCB /* Optional+Extensions.swift in Sources */ = {isa = PBXBuildFile; fileRef = C013EB5A23E1E23B00F12CCB /* Optional+Extensions.swift */; };
		C013EB5D23E1E23B00F12CCB /* Optional+Extensions.swift in Sources */ = {isa = PBXBuildFile; fileRef = C013EB5A23E1E23B00F12CCB /* Optional+Extensions.swift */; };
		C013EB6F23E1E2F300F12CCB /* DictionaryDecoderTests.swift in Sources */ = {isa = PBXBuildFile; fileRef = C013EB6123E1E28700F12CCB /* DictionaryDecoderTests.swift */; };
		C013EB7023E1E2F300F12CCB /* DictionaryEncoderStrategiesTests.swift in Sources */ = {isa = PBXBuildFile; fileRef = C013EB5F23E1E28700F12CCB /* DictionaryEncoderStrategiesTests.swift */; };
		C013EB7123E1E2F300F12CCB /* DictionaryEncoderTests.swift in Sources */ = {isa = PBXBuildFile; fileRef = C013EB6023E1E28700F12CCB /* DictionaryEncoderTests.swift */; };
		C013EB7323E1E2F400F12CCB /* DictionaryDecoderTests.swift in Sources */ = {isa = PBXBuildFile; fileRef = C013EB6123E1E28700F12CCB /* DictionaryDecoderTests.swift */; };
		C013EB7423E1E2F400F12CCB /* DictionaryEncoderStrategiesTests.swift in Sources */ = {isa = PBXBuildFile; fileRef = C013EB5F23E1E28700F12CCB /* DictionaryEncoderStrategiesTests.swift */; };
		C013EB7523E1E2F400F12CCB /* DictionaryEncoderTests.swift in Sources */ = {isa = PBXBuildFile; fileRef = C013EB6023E1E28700F12CCB /* DictionaryEncoderTests.swift */; };
		C013EB7623E1E2F400F12CCB /* DictionaryDecoderStrategiesTests.swift in Sources */ = {isa = PBXBuildFile; fileRef = C013EB5E23E1E28700F12CCB /* DictionaryDecoderStrategiesTests.swift */; };
		C013EB7723E1E2F400F12CCB /* DictionaryDecoderTests.swift in Sources */ = {isa = PBXBuildFile; fileRef = C013EB6123E1E28700F12CCB /* DictionaryDecoderTests.swift */; };
		C013EB7823E1E2F400F12CCB /* DictionaryEncoderStrategiesTests.swift in Sources */ = {isa = PBXBuildFile; fileRef = C013EB5F23E1E28700F12CCB /* DictionaryEncoderStrategiesTests.swift */; };
		C013EB7923E1E2F400F12CCB /* DictionaryEncoderTests.swift in Sources */ = {isa = PBXBuildFile; fileRef = C013EB6023E1E28700F12CCB /* DictionaryEncoderTests.swift */; };
		C013EB7E23E1FA5B00F12CCB /* DictionaryDecoderTesting.swift in Sources */ = {isa = PBXBuildFile; fileRef = C013EB7A23E1FA1100F12CCB /* DictionaryDecoderTesting.swift */; };
		C013EB7F23E1FA5C00F12CCB /* DictionaryDecoderTesting.swift in Sources */ = {isa = PBXBuildFile; fileRef = C013EB7A23E1FA1100F12CCB /* DictionaryDecoderTesting.swift */; };
		C013EB8023E1FA5C00F12CCB /* DictionaryDecoderTesting.swift in Sources */ = {isa = PBXBuildFile; fileRef = C013EB7A23E1FA1100F12CCB /* DictionaryDecoderTesting.swift */; };
		C013EB8123E203C800F12CCB /* DictionaryDecoderStrategiesTests.swift in Sources */ = {isa = PBXBuildFile; fileRef = C013EB5E23E1E28700F12CCB /* DictionaryDecoderStrategiesTests.swift */; };
		C013EB8323E205B000F12CCB /* DictionaryDecoderStrategiesTests.swift in Sources */ = {isa = PBXBuildFile; fileRef = C013EB5E23E1E28700F12CCB /* DictionaryDecoderStrategiesTests.swift */; };
		C013EB8523E21A2E00F12CCB /* DictionaryEncoderTesting.swift in Sources */ = {isa = PBXBuildFile; fileRef = C013EB8423E21A2E00F12CCB /* DictionaryEncoderTesting.swift */; };
		C013EB8623E21A2E00F12CCB /* DictionaryEncoderTesting.swift in Sources */ = {isa = PBXBuildFile; fileRef = C013EB8423E21A2E00F12CCB /* DictionaryEncoderTesting.swift */; };
		C013EB8723E21A2E00F12CCB /* DictionaryEncoderTesting.swift in Sources */ = {isa = PBXBuildFile; fileRef = C013EB8423E21A2E00F12CCB /* DictionaryEncoderTesting.swift */; };
		C057F01823CB8EEB00C2D895 /* DictionaryCoder.framework in Frameworks */ = {isa = PBXBuildFile; fileRef = C057F00E23CB8EEB00C2D895 /* DictionaryCoder.framework */; };
		C057F01F23CB8EEB00C2D895 /* DictionaryCoder.h in Headers */ = {isa = PBXBuildFile; fileRef = C057F01123CB8EEB00C2D895 /* DictionaryCoder.h */; settings = {ATTRIBUTES = (Public, ); }; };
		C0A01A3223CB90F200AC2C3A /* DictionaryCoder.framework in Frameworks */ = {isa = PBXBuildFile; fileRef = C0A01A2923CB90F200AC2C3A /* DictionaryCoder.framework */; };
		C0A01A4123CB912C00AC2C3A /* DictionaryCoder.h in Headers */ = {isa = PBXBuildFile; fileRef = C057F01123CB8EEB00C2D895 /* DictionaryCoder.h */; settings = {ATTRIBUTES = (Public, ); }; };
		C0A01A5023CB92EB00AC2C3A /* DictionaryCoder.framework in Frameworks */ = {isa = PBXBuildFile; fileRef = C0A01A4723CB92EB00AC2C3A /* DictionaryCoder.framework */; };
		C0A01A5E23CB92F200AC2C3A /* DictionaryCoder.h in Headers */ = {isa = PBXBuildFile; fileRef = C057F01123CB8EEB00C2D895 /* DictionaryCoder.h */; settings = {ATTRIBUTES = (Public, ); }; };
/* End PBXBuildFile section */

/* Begin PBXContainerItemProxy section */
		C057F01923CB8EEB00C2D895 /* PBXContainerItemProxy */ = {
			isa = PBXContainerItemProxy;
			containerPortal = C057F00523CB8EEB00C2D895 /* Project object */;
			proxyType = 1;
			remoteGlobalIDString = C057F00D23CB8EEB00C2D895;
			remoteInfo = DictionaryCoder;
		};
		C0A01A3323CB90F200AC2C3A /* PBXContainerItemProxy */ = {
			isa = PBXContainerItemProxy;
			containerPortal = C057F00523CB8EEB00C2D895 /* Project object */;
			proxyType = 1;
			remoteGlobalIDString = C0A01A2823CB90F200AC2C3A;
			remoteInfo = "DictionaryCoder macOS";
		};
		C0A01A5123CB92EB00AC2C3A /* PBXContainerItemProxy */ = {
			isa = PBXContainerItemProxy;
			containerPortal = C057F00523CB8EEB00C2D895 /* Project object */;
			proxyType = 1;
			remoteGlobalIDString = C0A01A4623CB92EB00AC2C3A;
			remoteInfo = "DictionaryCoder tvOS";
		};
/* End PBXContainerItemProxy section */

/* Begin PBXFileReference section */
		C0007FFA23CBAAA5005F95E0 /* .swift-version */ = {isa = PBXFileReference; lastKnownFileType = text; path = ".swift-version"; sourceTree = "<group>"; };
		C006F1A22406B13E00C3F783 /* DictionaryCoder.framework */ = {isa = PBXFileReference; explicitFileType = wrapper.framework; includeInIndex = 0; path = DictionaryCoder.framework; sourceTree = BUILT_PRODUCTS_DIR; };
		C013EAF223E1E0AE00F12CCB /* RangeReplaceableCollection+Extensions.swift */ = {isa = PBXFileReference; fileEncoding = 4; lastKnownFileType = sourcecode.swift; path = "RangeReplaceableCollection+Extensions.swift"; sourceTree = "<group>"; };
		C013EAF323E1E0AE00F12CCB /* AnyCodingKey.swift */ = {isa = PBXFileReference; fileEncoding = 4; lastKnownFileType = sourcecode.swift; path = AnyCodingKey.swift; sourceTree = "<group>"; };
		C013EAF523E1E0AE00F12CCB /* DictionaryDecoder.swift */ = {isa = PBXFileReference; fileEncoding = 4; lastKnownFileType = sourcecode.swift; path = DictionaryDecoder.swift; sourceTree = "<group>"; };
		C013EAF623E1E0AE00F12CCB /* DictionaryKeyedDecodingContainer.swift */ = {isa = PBXFileReference; fileEncoding = 4; lastKnownFileType = sourcecode.swift; path = DictionaryKeyedDecodingContainer.swift; sourceTree = "<group>"; };
		C013EAF823E1E0AE00F12CCB /* DictionaryKeyDecodingStrategy.swift */ = {isa = PBXFileReference; fileEncoding = 4; lastKnownFileType = sourcecode.swift; path = DictionaryKeyDecodingStrategy.swift; sourceTree = "<group>"; };
		C013EAF923E1E0AE00F12CCB /* DictionaryDateDecodingStrategy.swift */ = {isa = PBXFileReference; fileEncoding = 4; lastKnownFileType = sourcecode.swift; path = DictionaryDateDecodingStrategy.swift; sourceTree = "<group>"; };
		C013EAFA23E1E0AF00F12CCB /* DictionaryDataDecodingStrategy.swift */ = {isa = PBXFileReference; fileEncoding = 4; lastKnownFileType = sourcecode.swift; path = DictionaryDataDecodingStrategy.swift; sourceTree = "<group>"; };
		C013EAFB23E1E0AF00F12CCB /* DictionaryNonConformingFloatDecodingStrategy.swift */ = {isa = PBXFileReference; fileEncoding = 4; lastKnownFileType = sourcecode.swift; path = DictionaryNonConformingFloatDecodingStrategy.swift; sourceTree = "<group>"; };
		C013EAFC23E1E0AF00F12CCB /* DictionaryComponentDecoder.swift */ = {isa = PBXFileReference; fileEncoding = 4; lastKnownFileType = sourcecode.swift; path = DictionaryComponentDecoder.swift; sourceTree = "<group>"; };
		C013EAFD23E1E0AF00F12CCB /* DictionarySingleValueDecodingContainer.swift */ = {isa = PBXFileReference; fileEncoding = 4; lastKnownFileType = sourcecode.swift; path = DictionarySingleValueDecodingContainer.swift; sourceTree = "<group>"; };
		C013EAFE23E1E0AF00F12CCB /* DictionaryUnkeyedDecodingContainer.swift */ = {isa = PBXFileReference; fileEncoding = 4; lastKnownFileType = sourcecode.swift; path = DictionaryUnkeyedDecodingContainer.swift; sourceTree = "<group>"; };
		C013EAFF23E1E0AF00F12CCB /* DictionaryDecodingOptions.swift */ = {isa = PBXFileReference; fileEncoding = 4; lastKnownFileType = sourcecode.swift; path = DictionaryDecodingOptions.swift; sourceTree = "<group>"; };
		C013EB0223E1E0AF00F12CCB /* DictionaryKeyEncodingStrategy.swift */ = {isa = PBXFileReference; fileEncoding = 4; lastKnownFileType = sourcecode.swift; path = DictionaryKeyEncodingStrategy.swift; sourceTree = "<group>"; };
		C013EB0323E1E0AF00F12CCB /* DictionaryDateEncodingStrategy.swift */ = {isa = PBXFileReference; fileEncoding = 4; lastKnownFileType = sourcecode.swift; path = DictionaryDateEncodingStrategy.swift; sourceTree = "<group>"; };
		C013EB0423E1E0AF00F12CCB /* DictionaryDataEncodingStrategy.swift */ = {isa = PBXFileReference; fileEncoding = 4; lastKnownFileType = sourcecode.swift; path = DictionaryDataEncodingStrategy.swift; sourceTree = "<group>"; };
		C013EB0523E1E0AF00F12CCB /* DictionaryNonConformingFloatEncodingStrategy.swift */ = {isa = PBXFileReference; fileEncoding = 4; lastKnownFileType = sourcecode.swift; path = DictionaryNonConformingFloatEncodingStrategy.swift; sourceTree = "<group>"; };
		C013EB0623E1E0AF00F12CCB /* DictionaryAnyKeyedEncodingContainer.swift */ = {isa = PBXFileReference; fileEncoding = 4; lastKnownFileType = sourcecode.swift; path = DictionaryAnyKeyedEncodingContainer.swift; sourceTree = "<group>"; };
		C013EB0723E1E0AF00F12CCB /* DictionaryUnkeyedEncodingContainer.swift */ = {isa = PBXFileReference; fileEncoding = 4; lastKnownFileType = sourcecode.swift; path = DictionaryUnkeyedEncodingContainer.swift; sourceTree = "<group>"; };
		C013EB0823E1E0AF00F12CCB /* DictionaryEncoder.swift */ = {isa = PBXFileReference; fileEncoding = 4; lastKnownFileType = sourcecode.swift; path = DictionaryEncoder.swift; sourceTree = "<group>"; };
		C013EB0923E1E0AF00F12CCB /* DictionarySingleValueEncodingContainer.swift */ = {isa = PBXFileReference; fileEncoding = 4; lastKnownFileType = sourcecode.swift; path = DictionarySingleValueEncodingContainer.swift; sourceTree = "<group>"; };
		C013EB0A23E1E0AF00F12CCB /* DictionaryComponentContainer.swift */ = {isa = PBXFileReference; fileEncoding = 4; lastKnownFileType = sourcecode.swift; path = DictionaryComponentContainer.swift; sourceTree = "<group>"; };
		C013EB0B23E1E0AF00F12CCB /* DictionaryEncodingOptions.swift */ = {isa = PBXFileReference; fileEncoding = 4; lastKnownFileType = sourcecode.swift; path = DictionaryEncodingOptions.swift; sourceTree = "<group>"; };
		C013EB0C23E1E0AF00F12CCB /* DictionaryKeyedEncodingContainer.swift */ = {isa = PBXFileReference; fileEncoding = 4; lastKnownFileType = sourcecode.swift; path = DictionaryKeyedEncodingContainer.swift; sourceTree = "<group>"; };
		C013EB0D23E1E0AF00F12CCB /* DictionaryComponentEncoder.swift */ = {isa = PBXFileReference; fileEncoding = 4; lastKnownFileType = sourcecode.swift; path = DictionaryComponentEncoder.swift; sourceTree = "<group>"; };
		C013EB0E23E1E0AF00F12CCB /* DictionaryComponent.swift */ = {isa = PBXFileReference; fileEncoding = 4; lastKnownFileType = sourcecode.swift; path = DictionaryComponent.swift; sourceTree = "<group>"; };
		C013EB5A23E1E23B00F12CCB /* Optional+Extensions.swift */ = {isa = PBXFileReference; fileEncoding = 4; lastKnownFileType = sourcecode.swift; path = "Optional+Extensions.swift"; sourceTree = "<group>"; };
		C013EB5E23E1E28700F12CCB /* DictionaryDecoderStrategiesTests.swift */ = {isa = PBXFileReference; fileEncoding = 4; lastKnownFileType = sourcecode.swift; path = DictionaryDecoderStrategiesTests.swift; sourceTree = "<group>"; };
		C013EB5F23E1E28700F12CCB /* DictionaryEncoderStrategiesTests.swift */ = {isa = PBXFileReference; fileEncoding = 4; lastKnownFileType = sourcecode.swift; path = DictionaryEncoderStrategiesTests.swift; sourceTree = "<group>"; };
		C013EB6023E1E28700F12CCB /* DictionaryEncoderTests.swift */ = {isa = PBXFileReference; fileEncoding = 4; lastKnownFileType = sourcecode.swift; path = DictionaryEncoderTests.swift; sourceTree = "<group>"; };
		C013EB6123E1E28700F12CCB /* DictionaryDecoderTests.swift */ = {isa = PBXFileReference; fileEncoding = 4; lastKnownFileType = sourcecode.swift; path = DictionaryDecoderTests.swift; sourceTree = "<group>"; };
		C013EB7A23E1FA1100F12CCB /* DictionaryDecoderTesting.swift */ = {isa = PBXFileReference; lastKnownFileType = sourcecode.swift; path = DictionaryDecoderTesting.swift; sourceTree = "<group>"; };
		C013EB8423E21A2E00F12CCB /* DictionaryEncoderTesting.swift */ = {isa = PBXFileReference; lastKnownFileType = sourcecode.swift; path = DictionaryEncoderTesting.swift; sourceTree = "<group>"; };
		C057F00E23CB8EEB00C2D895 /* DictionaryCoder.framework */ = {isa = PBXFileReference; explicitFileType = wrapper.framework; includeInIndex = 0; path = DictionaryCoder.framework; sourceTree = BUILT_PRODUCTS_DIR; };
		C057F01123CB8EEB00C2D895 /* DictionaryCoder.h */ = {isa = PBXFileReference; lastKnownFileType = sourcecode.c.h; path = DictionaryCoder.h; sourceTree = "<group>"; };
		C057F01223CB8EEB00C2D895 /* Info.plist */ = {isa = PBXFileReference; lastKnownFileType = text.plist.xml; path = Info.plist; sourceTree = "<group>"; };
		C057F01723CB8EEB00C2D895 /* DictionaryCoder Tests iOS.xctest */ = {isa = PBXFileReference; explicitFileType = wrapper.cfbundle; includeInIndex = 0; path = "DictionaryCoder Tests iOS.xctest"; sourceTree = BUILT_PRODUCTS_DIR; };
		C057F01E23CB8EEB00C2D895 /* Info.plist */ = {isa = PBXFileReference; lastKnownFileType = text.plist.xml; path = Info.plist; sourceTree = "<group>"; };
		C0A01A1423CB8FF300AC2C3A /* .swiftlint.yml */ = {isa = PBXFileReference; lastKnownFileType = text.yaml; path = .swiftlint.yml; sourceTree = "<group>"; };
		C0A01A1523CB8FFC00AC2C3A /* .swiftlint.yml */ = {isa = PBXFileReference; lastKnownFileType = text.yaml; path = .swiftlint.yml; sourceTree = "<group>"; };
		C0A01A1623CB900800AC2C3A /* DictionaryCoder.podspec */ = {isa = PBXFileReference; lastKnownFileType = text; path = DictionaryCoder.podspec; sourceTree = "<group>"; };
		C0A01A1723CB900900AC2C3A /* README.md */ = {isa = PBXFileReference; lastKnownFileType = net.daringfireball.markdown; path = README.md; sourceTree = "<group>"; };
		C0A01A1823CB900900AC2C3A /* Package.swift */ = {isa = PBXFileReference; lastKnownFileType = sourcecode.swift; path = Package.swift; sourceTree = "<group>"; };
		C0A01A1923CB900900AC2C3A /* LICENSE */ = {isa = PBXFileReference; lastKnownFileType = text; path = LICENSE; sourceTree = "<group>"; };
		C0A01A1A23CB901C00AC2C3A /* .gitignore */ = {isa = PBXFileReference; lastKnownFileType = text; path = .gitignore; sourceTree = "<group>"; };
		C0A01A1B23CB901C00AC2C3A /* .codecov.yml */ = {isa = PBXFileReference; lastKnownFileType = text.yaml; path = .codecov.yml; sourceTree = "<group>"; };
		C0A01A1C23CB901C00AC2C3A /* .swiftlint.yml */ = {isa = PBXFileReference; lastKnownFileType = text.yaml; path = .swiftlint.yml; sourceTree = "<group>"; };
		C0A01A1D23CB901C00AC2C3A /* .ruby-version */ = {isa = PBXFileReference; lastKnownFileType = text; path = ".ruby-version"; sourceTree = "<group>"; };
		C0A01A2923CB90F200AC2C3A /* DictionaryCoder.framework */ = {isa = PBXFileReference; explicitFileType = wrapper.framework; includeInIndex = 0; path = DictionaryCoder.framework; sourceTree = BUILT_PRODUCTS_DIR; };
		C0A01A3123CB90F200AC2C3A /* DictionaryCoder Tests macOS.xctest */ = {isa = PBXFileReference; explicitFileType = wrapper.cfbundle; includeInIndex = 0; path = "DictionaryCoder Tests macOS.xctest"; sourceTree = BUILT_PRODUCTS_DIR; };
		C0A01A4723CB92EB00AC2C3A /* DictionaryCoder.framework */ = {isa = PBXFileReference; explicitFileType = wrapper.framework; includeInIndex = 0; path = DictionaryCoder.framework; sourceTree = BUILT_PRODUCTS_DIR; };
		C0A01A4F23CB92EB00AC2C3A /* DictionaryCoder Tests tvOS.xctest */ = {isa = PBXFileReference; explicitFileType = wrapper.cfbundle; includeInIndex = 0; path = "DictionaryCoder Tests tvOS.xctest"; sourceTree = BUILT_PRODUCTS_DIR; };
		C0A01A6323CB9B0A00AC2C3A /* Scripts */ = {isa = PBXFileReference; lastKnownFileType = folder; path = Scripts; sourceTree = "<group>"; };
		C0A01A6423CB9B1600AC2C3A /* Dangerfile */ = {isa = PBXFileReference; lastKnownFileType = text; path = Dangerfile; sourceTree = "<group>"; };
		C0A01A6523CB9B1600AC2C3A /* Gemfile */ = {isa = PBXFileReference; lastKnownFileType = text; path = Gemfile; sourceTree = "<group>"; };
		C0A01A6623CB9B5900AC2C3A /* Brewfile */ = {isa = PBXFileReference; fileEncoding = 4; lastKnownFileType = text; path = Brewfile; sourceTree = "<group>"; };
/* End PBXFileReference section */

/* Begin PBXFrameworksBuildPhase section */
		C006F19F2406B13E00C3F783 /* Frameworks */ = {
			isa = PBXFrameworksBuildPhase;
			buildActionMask = 2147483647;
			files = (
			);
			runOnlyForDeploymentPostprocessing = 0;
		};
		C057F00B23CB8EEB00C2D895 /* Frameworks */ = {
			isa = PBXFrameworksBuildPhase;
			buildActionMask = 2147483647;
			files = (
			);
			runOnlyForDeploymentPostprocessing = 0;
		};
		C057F01423CB8EEB00C2D895 /* Frameworks */ = {
			isa = PBXFrameworksBuildPhase;
			buildActionMask = 2147483647;
			files = (
				C057F01823CB8EEB00C2D895 /* DictionaryCoder.framework in Frameworks */,
			);
			runOnlyForDeploymentPostprocessing = 0;
		};
		C0A01A2623CB90F200AC2C3A /* Frameworks */ = {
			isa = PBXFrameworksBuildPhase;
			buildActionMask = 2147483647;
			files = (
			);
			runOnlyForDeploymentPostprocessing = 0;
		};
		C0A01A2E23CB90F200AC2C3A /* Frameworks */ = {
			isa = PBXFrameworksBuildPhase;
			buildActionMask = 2147483647;
			files = (
				C0A01A3223CB90F200AC2C3A /* DictionaryCoder.framework in Frameworks */,
			);
			runOnlyForDeploymentPostprocessing = 0;
		};
		C0A01A4423CB92EB00AC2C3A /* Frameworks */ = {
			isa = PBXFrameworksBuildPhase;
			buildActionMask = 2147483647;
			files = (
			);
			runOnlyForDeploymentPostprocessing = 0;
		};
		C0A01A4C23CB92EB00AC2C3A /* Frameworks */ = {
			isa = PBXFrameworksBuildPhase;
			buildActionMask = 2147483647;
			files = (
				C0A01A5023CB92EB00AC2C3A /* DictionaryCoder.framework in Frameworks */,
			);
			runOnlyForDeploymentPostprocessing = 0;
		};
/* End PBXFrameworksBuildPhase section */

/* Begin PBXGroup section */
		C013EAF123E1E0AE00F12CCB /* Tools */ = {
			isa = PBXGroup;
			children = (
				C013EAF323E1E0AE00F12CCB /* AnyCodingKey.swift */,
				C013EB5A23E1E23B00F12CCB /* Optional+Extensions.swift */,
				C013EAF223E1E0AE00F12CCB /* RangeReplaceableCollection+Extensions.swift */,
			);
			path = Tools;
			sourceTree = "<group>";
		};
		C013EAF423E1E0AE00F12CCB /* Decoder */ = {
			isa = PBXGroup;
			children = (
				C013EAF723E1E0AE00F12CCB /* Strategies */,
				C013EAFC23E1E0AF00F12CCB /* DictionaryComponentDecoder.swift */,
				C013EAF523E1E0AE00F12CCB /* DictionaryDecoder.swift */,
				C013EAFF23E1E0AF00F12CCB /* DictionaryDecodingOptions.swift */,
				C013EAF623E1E0AE00F12CCB /* DictionaryKeyedDecodingContainer.swift */,
				C013EAFD23E1E0AF00F12CCB /* DictionarySingleValueDecodingContainer.swift */,
				C013EAFE23E1E0AF00F12CCB /* DictionaryUnkeyedDecodingContainer.swift */,
			);
			path = Decoder;
			sourceTree = "<group>";
		};
		C013EAF723E1E0AE00F12CCB /* Strategies */ = {
			isa = PBXGroup;
			children = (
				C013EAFA23E1E0AF00F12CCB /* DictionaryDataDecodingStrategy.swift */,
				C013EAF923E1E0AE00F12CCB /* DictionaryDateDecodingStrategy.swift */,
				C013EAF823E1E0AE00F12CCB /* DictionaryKeyDecodingStrategy.swift */,
				C013EAFB23E1E0AF00F12CCB /* DictionaryNonConformingFloatDecodingStrategy.swift */,
			);
			path = Strategies;
			sourceTree = "<group>";
		};
		C013EB0023E1E0AF00F12CCB /* Encoder */ = {
			isa = PBXGroup;
			children = (
				C013EB0123E1E0AF00F12CCB /* Strategies */,
				C013EB0623E1E0AF00F12CCB /* DictionaryAnyKeyedEncodingContainer.swift */,
				C013EB0E23E1E0AF00F12CCB /* DictionaryComponent.swift */,
				C013EB0A23E1E0AF00F12CCB /* DictionaryComponentContainer.swift */,
				C013EB0D23E1E0AF00F12CCB /* DictionaryComponentEncoder.swift */,
				C013EB0823E1E0AF00F12CCB /* DictionaryEncoder.swift */,
				C013EB0B23E1E0AF00F12CCB /* DictionaryEncodingOptions.swift */,
				C013EB0C23E1E0AF00F12CCB /* DictionaryKeyedEncodingContainer.swift */,
				C013EB0923E1E0AF00F12CCB /* DictionarySingleValueEncodingContainer.swift */,
				C013EB0723E1E0AF00F12CCB /* DictionaryUnkeyedEncodingContainer.swift */,
			);
			path = Encoder;
			sourceTree = "<group>";
		};
		C013EB0123E1E0AF00F12CCB /* Strategies */ = {
			isa = PBXGroup;
			children = (
				C013EB0423E1E0AF00F12CCB /* DictionaryDataEncodingStrategy.swift */,
				C013EB0323E1E0AF00F12CCB /* DictionaryDateEncodingStrategy.swift */,
				C013EB0223E1E0AF00F12CCB /* DictionaryKeyEncodingStrategy.swift */,
				C013EB0523E1E0AF00F12CCB /* DictionaryNonConformingFloatEncodingStrategy.swift */,
			);
			path = Strategies;
			sourceTree = "<group>";
		};
		C013EB8823E2237500F12CCB /* Decoder */ = {
			isa = PBXGroup;
			children = (
				C013EB5E23E1E28700F12CCB /* DictionaryDecoderStrategiesTests.swift */,
				C013EB7A23E1FA1100F12CCB /* DictionaryDecoderTesting.swift */,
				C013EB6123E1E28700F12CCB /* DictionaryDecoderTests.swift */,
			);
			path = Decoder;
			sourceTree = "<group>";
		};
		C013EB8923E2237D00F12CCB /* Encoder */ = {
			isa = PBXGroup;
			children = (
				C013EB5F23E1E28700F12CCB /* DictionaryEncoderStrategiesTests.swift */,
				C013EB8423E21A2E00F12CCB /* DictionaryEncoderTesting.swift */,
				C013EB6023E1E28700F12CCB /* DictionaryEncoderTests.swift */,
			);
			path = Encoder;
			sourceTree = "<group>";
		};
		C057F00423CB8EEB00C2D895 = {
			isa = PBXGroup;
			children = (
				C057F01023CB8EEB00C2D895 /* Sources */,
				C057F01B23CB8EEB00C2D895 /* Tests */,
				C057F00F23CB8EEB00C2D895 /* Products */,
				C0A01A6323CB9B0A00AC2C3A /* Scripts */,
				C0A01A1B23CB901C00AC2C3A /* .codecov.yml */,
				C0A01A1A23CB901C00AC2C3A /* .gitignore */,
				C0A01A1D23CB901C00AC2C3A /* .ruby-version */,
				C0007FFA23CBAAA5005F95E0 /* .swift-version */,
				C0A01A1C23CB901C00AC2C3A /* .swiftlint.yml */,
				C0A01A6623CB9B5900AC2C3A /* Brewfile */,
				C0A01A6423CB9B1600AC2C3A /* Dangerfile */,
				C0A01A6523CB9B1600AC2C3A /* Gemfile */,
				C0A01A1623CB900800AC2C3A /* DictionaryCoder.podspec */,
				C0A01A1923CB900900AC2C3A /* LICENSE */,
				C0A01A1823CB900900AC2C3A /* Package.swift */,
				C0A01A1723CB900900AC2C3A /* README.md */,
			);
			sourceTree = "<group>";
		};
		C057F00F23CB8EEB00C2D895 /* Products */ = {
			isa = PBXGroup;
			children = (
				C057F00E23CB8EEB00C2D895 /* DictionaryCoder.framework */,
				C057F01723CB8EEB00C2D895 /* DictionaryCoder Tests iOS.xctest */,
				C0A01A2923CB90F200AC2C3A /* DictionaryCoder.framework */,
				C0A01A3123CB90F200AC2C3A /* DictionaryCoder Tests macOS.xctest */,
				C0A01A4723CB92EB00AC2C3A /* DictionaryCoder.framework */,
				C0A01A4F23CB92EB00AC2C3A /* DictionaryCoder Tests tvOS.xctest */,
				C006F1A22406B13E00C3F783 /* DictionaryCoder.framework */,
			);
			name = Products;
			sourceTree = "<group>";
		};
		C057F01023CB8EEB00C2D895 /* Sources */ = {
			isa = PBXGroup;
			children = (
				C013EAF423E1E0AE00F12CCB /* Decoder */,
				C013EB0023E1E0AF00F12CCB /* Encoder */,
				C013EAF123E1E0AE00F12CCB /* Tools */,
				C0A01A1423CB8FF300AC2C3A /* .swiftlint.yml */,
				C057F01123CB8EEB00C2D895 /* DictionaryCoder.h */,
				C057F01223CB8EEB00C2D895 /* Info.plist */,
			);
			path = Sources;
			sourceTree = "<group>";
		};
		C057F01B23CB8EEB00C2D895 /* Tests */ = {
			isa = PBXGroup;
			children = (
				C013EB8823E2237500F12CCB /* Decoder */,
				C013EB8923E2237D00F12CCB /* Encoder */,
				C0A01A1523CB8FFC00AC2C3A /* .swiftlint.yml */,
				C057F01E23CB8EEB00C2D895 /* Info.plist */,
			);
			path = Tests;
			sourceTree = "<group>";
		};
/* End PBXGroup section */

/* Begin PBXHeadersBuildPhase section */
		C006F19D2406B13E00C3F783 /* Headers */ = {
			isa = PBXHeadersBuildPhase;
			buildActionMask = 2147483647;
			files = (
			);
			runOnlyForDeploymentPostprocessing = 0;
		};
		C057F00923CB8EEB00C2D895 /* Headers */ = {
			isa = PBXHeadersBuildPhase;
			buildActionMask = 2147483647;
			files = (
				C057F01F23CB8EEB00C2D895 /* DictionaryCoder.h in Headers */,
			);
			runOnlyForDeploymentPostprocessing = 0;
		};
		C0A01A2423CB90F200AC2C3A /* Headers */ = {
			isa = PBXHeadersBuildPhase;
			buildActionMask = 2147483647;
			files = (
				C0A01A4123CB912C00AC2C3A /* DictionaryCoder.h in Headers */,
			);
			runOnlyForDeploymentPostprocessing = 0;
		};
		C0A01A4223CB92EB00AC2C3A /* Headers */ = {
			isa = PBXHeadersBuildPhase;
			buildActionMask = 2147483647;
			files = (
				C0A01A5E23CB92F200AC2C3A /* DictionaryCoder.h in Headers */,
			);
			runOnlyForDeploymentPostprocessing = 0;
		};
/* End PBXHeadersBuildPhase section */

/* Begin PBXNativeTarget section */
		C006F1A12406B13E00C3F783 /* DictionaryCoder watchOS */ = {
			isa = PBXNativeTarget;
			buildConfigurationList = C006F1A92406B13E00C3F783 /* Build configuration list for PBXNativeTarget "DictionaryCoder watchOS" */;
			buildPhases = (
				C006F1C42406B21000C3F783 /* SwiftLint */,
				C006F19D2406B13E00C3F783 /* Headers */,
				C006F19E2406B13E00C3F783 /* Sources */,
				C006F19F2406B13E00C3F783 /* Frameworks */,
				C006F1A02406B13E00C3F783 /* Resources */,
			);
			buildRules = (
			);
			dependencies = (
			);
			name = "DictionaryCoder watchOS";
			productName = "DictionaryCoder watchOS";
			productReference = C006F1A22406B13E00C3F783 /* DictionaryCoder.framework */;
			productType = "com.apple.product-type.framework";
		};
		C057F00D23CB8EEB00C2D895 /* DictionaryCoder iOS */ = {
			isa = PBXNativeTarget;
			buildConfigurationList = C057F02223CB8EEB00C2D895 /* Build configuration list for PBXNativeTarget "DictionaryCoder iOS" */;
			buildPhases = (
				C0A01A2323CB907300AC2C3A /* SwiftLint */,
				C057F00923CB8EEB00C2D895 /* Headers */,
				C057F00A23CB8EEB00C2D895 /* Sources */,
				C057F00B23CB8EEB00C2D895 /* Frameworks */,
				C057F00C23CB8EEB00C2D895 /* Resources */,
			);
			buildRules = (
			);
			dependencies = (
			);
			name = "DictionaryCoder iOS";
			productName = DictionaryCoder;
			productReference = C057F00E23CB8EEB00C2D895 /* DictionaryCoder.framework */;
			productType = "com.apple.product-type.framework";
		};
		C057F01623CB8EEB00C2D895 /* DictionaryCoder Tests iOS */ = {
			isa = PBXNativeTarget;
			buildConfigurationList = C057F02523CB8EEB00C2D895 /* Build configuration list for PBXNativeTarget "DictionaryCoder Tests iOS" */;
			buildPhases = (
				C057F01323CB8EEB00C2D895 /* Sources */,
				C057F01423CB8EEB00C2D895 /* Frameworks */,
				C057F01523CB8EEB00C2D895 /* Resources */,
			);
			buildRules = (
			);
			dependencies = (
				C057F01A23CB8EEB00C2D895 /* PBXTargetDependency */,
			);
			name = "DictionaryCoder Tests iOS";
			productName = DictionaryCoderTests;
			productReference = C057F01723CB8EEB00C2D895 /* DictionaryCoder Tests iOS.xctest */;
			productType = "com.apple.product-type.bundle.unit-test";
		};
		C0A01A2823CB90F200AC2C3A /* DictionaryCoder macOS */ = {
			isa = PBXNativeTarget;
			buildConfigurationList = C0A01A3A23CB90F200AC2C3A /* Build configuration list for PBXNativeTarget "DictionaryCoder macOS" */;
			buildPhases = (
				C0A01A6123CB931500AC2C3A /* SwiftLint */,
				C0A01A2423CB90F200AC2C3A /* Headers */,
				C0A01A2523CB90F200AC2C3A /* Sources */,
				C0A01A2623CB90F200AC2C3A /* Frameworks */,
				C0A01A2723CB90F200AC2C3A /* Resources */,
			);
			buildRules = (
			);
			dependencies = (
			);
			name = "DictionaryCoder macOS";
			productName = "DictionaryCoder macOS";
			productReference = C0A01A2923CB90F200AC2C3A /* DictionaryCoder.framework */;
			productType = "com.apple.product-type.framework";
		};
		C0A01A3023CB90F200AC2C3A /* DictionaryCoder Tests macOS */ = {
			isa = PBXNativeTarget;
			buildConfigurationList = C0A01A3D23CB90F200AC2C3A /* Build configuration list for PBXNativeTarget "DictionaryCoder Tests macOS" */;
			buildPhases = (
				C0A01A2D23CB90F200AC2C3A /* Sources */,
				C0A01A2E23CB90F200AC2C3A /* Frameworks */,
				C0A01A2F23CB90F200AC2C3A /* Resources */,
			);
			buildRules = (
			);
			dependencies = (
				C0A01A3423CB90F200AC2C3A /* PBXTargetDependency */,
			);
			name = "DictionaryCoder Tests macOS";
			productName = "DictionaryCoder macOSTests";
			productReference = C0A01A3123CB90F200AC2C3A /* DictionaryCoder Tests macOS.xctest */;
			productType = "com.apple.product-type.bundle.unit-test";
		};
		C0A01A4623CB92EB00AC2C3A /* DictionaryCoder tvOS */ = {
			isa = PBXNativeTarget;
			buildConfigurationList = C0A01A5823CB92EB00AC2C3A /* Build configuration list for PBXNativeTarget "DictionaryCoder tvOS" */;
			buildPhases = (
				C0A01A6223CB932700AC2C3A /* SwiftLint */,
				C0A01A4223CB92EB00AC2C3A /* Headers */,
				C0A01A4323CB92EB00AC2C3A /* Sources */,
				C0A01A4423CB92EB00AC2C3A /* Frameworks */,
				C0A01A4523CB92EB00AC2C3A /* Resources */,
			);
			buildRules = (
			);
			dependencies = (
			);
			name = "DictionaryCoder tvOS";
			productName = "DictionaryCoder tvOS";
			productReference = C0A01A4723CB92EB00AC2C3A /* DictionaryCoder.framework */;
			productType = "com.apple.product-type.framework";
		};
		C0A01A4E23CB92EB00AC2C3A /* DictionaryCoder Tests tvOS */ = {
			isa = PBXNativeTarget;
			buildConfigurationList = C0A01A5B23CB92EB00AC2C3A /* Build configuration list for PBXNativeTarget "DictionaryCoder Tests tvOS" */;
			buildPhases = (
				C0A01A4B23CB92EB00AC2C3A /* Sources */,
				C0A01A4C23CB92EB00AC2C3A /* Frameworks */,
				C0A01A4D23CB92EB00AC2C3A /* Resources */,
			);
			buildRules = (
			);
			dependencies = (
				C0A01A5223CB92EB00AC2C3A /* PBXTargetDependency */,
			);
			name = "DictionaryCoder Tests tvOS";
			productName = "DictionaryCoder tvOSTests";
			productReference = C0A01A4F23CB92EB00AC2C3A /* DictionaryCoder Tests tvOS.xctest */;
			productType = "com.apple.product-type.bundle.unit-test";
		};
/* End PBXNativeTarget section */

/* Begin PBXProject section */
		C057F00523CB8EEB00C2D895 /* Project object */ = {
			isa = PBXProject;
			attributes = {
				LastSwiftUpdateCheck = 1130;
				LastUpgradeCheck = 1130;
				ORGANIZATIONNAME = "Almaz Ibragimov";
				TargetAttributes = {
					C006F1A12406B13E00C3F783 = {
						CreatedOnToolsVersion = 11.3.1;
					};
					C057F00D23CB8EEB00C2D895 = {
						CreatedOnToolsVersion = 11.3;
						LastSwiftMigration = 1130;
					};
					C057F01623CB8EEB00C2D895 = {
						CreatedOnToolsVersion = 11.3;
					};
					C0A01A2823CB90F200AC2C3A = {
						CreatedOnToolsVersion = 11.3;
						LastSwiftMigration = 1130;
					};
					C0A01A3023CB90F200AC2C3A = {
						CreatedOnToolsVersion = 11.3;
					};
					C0A01A4623CB92EB00AC2C3A = {
						CreatedOnToolsVersion = 11.3;
						LastSwiftMigration = 1130;
					};
					C0A01A4E23CB92EB00AC2C3A = {
						CreatedOnToolsVersion = 11.3;
					};
				};
			};
			buildConfigurationList = C057F00823CB8EEB00C2D895 /* Build configuration list for PBXProject "DictionaryCoder" */;
			compatibilityVersion = "Xcode 11.0";
			developmentRegion = en;
			hasScannedForEncodings = 0;
			knownRegions = (
				en,
				Base,
			);
			mainGroup = C057F00423CB8EEB00C2D895;
			productRefGroup = C057F00F23CB8EEB00C2D895 /* Products */;
			projectDirPath = "";
			projectRoot = "";
			targets = (
				C057F00D23CB8EEB00C2D895 /* DictionaryCoder iOS */,
				C0A01A2823CB90F200AC2C3A /* DictionaryCoder macOS */,
				C0A01A4623CB92EB00AC2C3A /* DictionaryCoder tvOS */,
				C006F1A12406B13E00C3F783 /* DictionaryCoder watchOS */,
				C057F01623CB8EEB00C2D895 /* DictionaryCoder Tests iOS */,
				C0A01A3023CB90F200AC2C3A /* DictionaryCoder Tests macOS */,
				C0A01A4E23CB92EB00AC2C3A /* DictionaryCoder Tests tvOS */,
			);
		};
/* End PBXProject section */

/* Begin PBXResourcesBuildPhase section */
		C006F1A02406B13E00C3F783 /* Resources */ = {
			isa = PBXResourcesBuildPhase;
			buildActionMask = 2147483647;
			files = (
			);
			runOnlyForDeploymentPostprocessing = 0;
		};
		C057F00C23CB8EEB00C2D895 /* Resources */ = {
			isa = PBXResourcesBuildPhase;
			buildActionMask = 2147483647;
			files = (
			);
			runOnlyForDeploymentPostprocessing = 0;
		};
		C057F01523CB8EEB00C2D895 /* Resources */ = {
			isa = PBXResourcesBuildPhase;
			buildActionMask = 2147483647;
			files = (
			);
			runOnlyForDeploymentPostprocessing = 0;
		};
		C0A01A2723CB90F200AC2C3A /* Resources */ = {
			isa = PBXResourcesBuildPhase;
			buildActionMask = 2147483647;
			files = (
			);
			runOnlyForDeploymentPostprocessing = 0;
		};
		C0A01A2F23CB90F200AC2C3A /* Resources */ = {
			isa = PBXResourcesBuildPhase;
			buildActionMask = 2147483647;
			files = (
			);
			runOnlyForDeploymentPostprocessing = 0;
		};
		C0A01A4523CB92EB00AC2C3A /* Resources */ = {
			isa = PBXResourcesBuildPhase;
			buildActionMask = 2147483647;
			files = (
			);
			runOnlyForDeploymentPostprocessing = 0;
		};
		C0A01A4D23CB92EB00AC2C3A /* Resources */ = {
			isa = PBXResourcesBuildPhase;
			buildActionMask = 2147483647;
			files = (
			);
			runOnlyForDeploymentPostprocessing = 0;
		};
/* End PBXResourcesBuildPhase section */

/* Begin PBXShellScriptBuildPhase section */
		C006F1C42406B21000C3F783 /* SwiftLint */ = {
			isa = PBXShellScriptBuildPhase;
			buildActionMask = 2147483647;
			files = (
			);
			inputFileListPaths = (
			);
			inputPaths = (
			);
			name = SwiftLint;
			outputFileListPaths = (
			);
			outputPaths = (
			);
			runOnlyForDeploymentPostprocessing = 0;
			shellPath = /bin/sh;
			shellScript = "sh Scripts/swiftlint.sh\n";
		};
		C0A01A2323CB907300AC2C3A /* SwiftLint */ = {
			isa = PBXShellScriptBuildPhase;
			buildActionMask = 2147483647;
			files = (
			);
			inputFileListPaths = (
			);
			inputPaths = (
			);
			name = SwiftLint;
			outputFileListPaths = (
			);
			outputPaths = (
			);
			runOnlyForDeploymentPostprocessing = 0;
			shellPath = /bin/sh;
			shellScript = "sh Scripts/swiftlint.sh\n";
		};
		C0A01A6123CB931500AC2C3A /* SwiftLint */ = {
			isa = PBXShellScriptBuildPhase;
			buildActionMask = 2147483647;
			files = (
			);
			inputFileListPaths = (
			);
			inputPaths = (
			);
			name = SwiftLint;
			outputFileListPaths = (
			);
			outputPaths = (
			);
			runOnlyForDeploymentPostprocessing = 0;
			shellPath = /bin/sh;
			shellScript = "sh Scripts/swiftlint.sh\n";
		};
		C0A01A6223CB932700AC2C3A /* SwiftLint */ = {
			isa = PBXShellScriptBuildPhase;
			buildActionMask = 2147483647;
			files = (
			);
			inputFileListPaths = (
			);
			inputPaths = (
			);
			name = SwiftLint;
			outputFileListPaths = (
			);
			outputPaths = (
			);
			runOnlyForDeploymentPostprocessing = 0;
			shellPath = /bin/sh;
			shellScript = "sh Scripts/swiftlint.sh\n";
		};
/* End PBXShellScriptBuildPhase section */

/* Begin PBXSourcesBuildPhase section */
		C006F19E2406B13E00C3F783 /* Sources */ = {
			isa = PBXSourcesBuildPhase;
			buildActionMask = 2147483647;
			files = (
				C006F1BB2406B1FE00C3F783 /* DictionaryComponentEncoder.swift in Sources */,
				C006F1C22406B20400C3F783 /* Optional+Extensions.swift in Sources */,
				C006F1AC2406B1F000C3F783 /* DictionaryKeyDecodingStrategy.swift in Sources */,
				C006F1C12406B20400C3F783 /* AnyCodingKey.swift in Sources */,
				C006F1C32406B20400C3F783 /* RangeReplaceableCollection+Extensions.swift in Sources */,
				C006F1B52406B1FA00C3F783 /* DictionaryDateEncodingStrategy.swift in Sources */,
				C006F1BD2406B1FE00C3F783 /* DictionaryEncodingOptions.swift in Sources */,
				C006F1B12406B1F500C3F783 /* DictionaryKeyedDecodingContainer.swift in Sources */,
				C006F1B32406B1F500C3F783 /* DictionaryUnkeyedDecodingContainer.swift in Sources */,
				C006F1BC2406B1FE00C3F783 /* DictionaryEncoder.swift in Sources */,
				C006F1B42406B1FA00C3F783 /* DictionaryDataEncodingStrategy.swift in Sources */,
				C006F1B02406B1F500C3F783 /* DictionaryDecodingOptions.swift in Sources */,
				C006F1B22406B1F500C3F783 /* DictionarySingleValueDecodingContainer.swift in Sources */,
				C006F1AE2406B1F500C3F783 /* DictionaryComponentDecoder.swift in Sources */,
				C006F1AA2406B1F000C3F783 /* DictionaryDataDecodingStrategy.swift in Sources */,
				C006F1AD2406B1F000C3F783 /* DictionaryNonConformingFloatDecodingStrategy.swift in Sources */,
				C006F1B82406B1FE00C3F783 /* DictionaryAnyKeyedEncodingContainer.swift in Sources */,
				C006F1AF2406B1F500C3F783 /* DictionaryDecoder.swift in Sources */,
				C006F1B62406B1FA00C3F783 /* DictionaryKeyEncodingStrategy.swift in Sources */,
				C006F1BE2406B1FE00C3F783 /* DictionaryKeyedEncodingContainer.swift in Sources */,
				C006F1C02406B1FE00C3F783 /* DictionaryUnkeyedEncodingContainer.swift in Sources */,
				C006F1B92406B1FE00C3F783 /* DictionaryComponent.swift in Sources */,
				C006F1BA2406B1FE00C3F783 /* DictionaryComponentContainer.swift in Sources */,
				C006F1B72406B1FA00C3F783 /* DictionaryNonConformingFloatEncodingStrategy.swift in Sources */,
				C006F1BF2406B1FE00C3F783 /* DictionarySingleValueEncodingContainer.swift in Sources */,
				C006F1AB2406B1F000C3F783 /* DictionaryDateDecodingStrategy.swift in Sources */,
			);
			runOnlyForDeploymentPostprocessing = 0;
		};
		C057F00A23CB8EEB00C2D895 /* Sources */ = {
			isa = PBXSourcesBuildPhase;
			buildActionMask = 2147483647;
			files = (
				C013EB5423E1E0AF00F12CCB /* DictionaryComponentEncoder.swift in Sources */,
				C013EB4B23E1E0AF00F12CCB /* DictionaryComponentContainer.swift in Sources */,
				C013EB4E23E1E0AF00F12CCB /* DictionaryEncodingOptions.swift in Sources */,
				C013EB5B23E1E23B00F12CCB /* Optional+Extensions.swift in Sources */,
				C013EB3C23E1E0AF00F12CCB /* DictionaryNonConformingFloatEncodingStrategy.swift in Sources */,
				C013EB5723E1E0AF00F12CCB /* DictionaryComponent.swift in Sources */,
				C013EB1223E1E0AF00F12CCB /* AnyCodingKey.swift in Sources */,
				C013EB2723E1E0AF00F12CCB /* DictionaryComponentDecoder.swift in Sources */,
				C013EB1823E1E0AF00F12CCB /* DictionaryKeyedDecodingContainer.swift in Sources */,
				C013EB2123E1E0AF00F12CCB /* DictionaryDataDecodingStrategy.swift in Sources */,
				C013EB4523E1E0AF00F12CCB /* DictionaryEncoder.swift in Sources */,
				C013EB1523E1E0AF00F12CCB /* DictionaryDecoder.swift in Sources */,
				C013EB3923E1E0AF00F12CCB /* DictionaryDataEncodingStrategy.swift in Sources */,
				C013EB3023E1E0AF00F12CCB /* DictionaryDecodingOptions.swift in Sources */,
				C013EB2D23E1E0AF00F12CCB /* DictionaryUnkeyedDecodingContainer.swift in Sources */,
				C013EB5123E1E0AF00F12CCB /* DictionaryKeyedEncodingContainer.swift in Sources */,
				C013EB3F23E1E0AF00F12CCB /* DictionaryAnyKeyedEncodingContainer.swift in Sources */,
				C013EB4223E1E0AF00F12CCB /* DictionaryUnkeyedEncodingContainer.swift in Sources */,
				C013EB0F23E1E0AF00F12CCB /* RangeReplaceableCollection+Extensions.swift in Sources */,
				C013EB1B23E1E0AF00F12CCB /* DictionaryKeyDecodingStrategy.swift in Sources */,
				C013EB4823E1E0AF00F12CCB /* DictionarySingleValueEncodingContainer.swift in Sources */,
				C013EB2423E1E0AF00F12CCB /* DictionaryNonConformingFloatDecodingStrategy.swift in Sources */,
				C013EB2A23E1E0AF00F12CCB /* DictionarySingleValueDecodingContainer.swift in Sources */,
				C013EB3623E1E0AF00F12CCB /* DictionaryDateEncodingStrategy.swift in Sources */,
				C013EB3323E1E0AF00F12CCB /* DictionaryKeyEncodingStrategy.swift in Sources */,
				C013EB1E23E1E0AF00F12CCB /* DictionaryDateDecodingStrategy.swift in Sources */,
			);
			runOnlyForDeploymentPostprocessing = 0;
		};
		C057F01323CB8EEB00C2D895 /* Sources */ = {
			isa = PBXSourcesBuildPhase;
			buildActionMask = 2147483647;
			files = (
				C013EB7523E1E2F400F12CCB /* DictionaryEncoderTests.swift in Sources */,
				C013EB7323E1E2F400F12CCB /* DictionaryDecoderTests.swift in Sources */,
				C013EB7423E1E2F400F12CCB /* DictionaryEncoderStrategiesTests.swift in Sources */,
				C013EB8123E203C800F12CCB /* DictionaryDecoderStrategiesTests.swift in Sources */,
				C013EB7E23E1FA5B00F12CCB /* DictionaryDecoderTesting.swift in Sources */,
				C013EB8523E21A2E00F12CCB /* DictionaryEncoderTesting.swift in Sources */,
			);
			runOnlyForDeploymentPostprocessing = 0;
		};
		C0A01A2523CB90F200AC2C3A /* Sources */ = {
			isa = PBXSourcesBuildPhase;
			buildActionMask = 2147483647;
			files = (
				C013EB5523E1E0AF00F12CCB /* DictionaryComponentEncoder.swift in Sources */,
				C013EB4C23E1E0AF00F12CCB /* DictionaryComponentContainer.swift in Sources */,
				C013EB4F23E1E0AF00F12CCB /* DictionaryEncodingOptions.swift in Sources */,
				C013EB5C23E1E23B00F12CCB /* Optional+Extensions.swift in Sources */,
				C013EB3D23E1E0AF00F12CCB /* DictionaryNonConformingFloatEncodingStrategy.swift in Sources */,
				C013EB5823E1E0AF00F12CCB /* DictionaryComponent.swift in Sources */,
				C013EB1323E1E0AF00F12CCB /* AnyCodingKey.swift in Sources */,
				C013EB2823E1E0AF00F12CCB /* DictionaryComponentDecoder.swift in Sources */,
				C013EB1923E1E0AF00F12CCB /* DictionaryKeyedDecodingContainer.swift in Sources */,
				C013EB2223E1E0AF00F12CCB /* DictionaryDataDecodingStrategy.swift in Sources */,
				C013EB4623E1E0AF00F12CCB /* DictionaryEncoder.swift in Sources */,
				C013EB1623E1E0AF00F12CCB /* DictionaryDecoder.swift in Sources */,
				C013EB3A23E1E0AF00F12CCB /* DictionaryDataEncodingStrategy.swift in Sources */,
				C013EB3123E1E0AF00F12CCB /* DictionaryDecodingOptions.swift in Sources */,
				C013EB2E23E1E0AF00F12CCB /* DictionaryUnkeyedDecodingContainer.swift in Sources */,
				C013EB5223E1E0AF00F12CCB /* DictionaryKeyedEncodingContainer.swift in Sources */,
				C013EB4023E1E0AF00F12CCB /* DictionaryAnyKeyedEncodingContainer.swift in Sources */,
				C013EB4323E1E0AF00F12CCB /* DictionaryUnkeyedEncodingContainer.swift in Sources */,
				C013EB1023E1E0AF00F12CCB /* RangeReplaceableCollection+Extensions.swift in Sources */,
				C013EB1C23E1E0AF00F12CCB /* DictionaryKeyDecodingStrategy.swift in Sources */,
				C013EB4923E1E0AF00F12CCB /* DictionarySingleValueEncodingContainer.swift in Sources */,
				C013EB2523E1E0AF00F12CCB /* DictionaryNonConformingFloatDecodingStrategy.swift in Sources */,
				C013EB2B23E1E0AF00F12CCB /* DictionarySingleValueDecodingContainer.swift in Sources */,
				C013EB3723E1E0AF00F12CCB /* DictionaryDateEncodingStrategy.swift in Sources */,
				C013EB3423E1E0AF00F12CCB /* DictionaryKeyEncodingStrategy.swift in Sources */,
				C013EB1F23E1E0AF00F12CCB /* DictionaryDateDecodingStrategy.swift in Sources */,
			);
			runOnlyForDeploymentPostprocessing = 0;
		};
		C0A01A2D23CB90F200AC2C3A /* Sources */ = {
			isa = PBXSourcesBuildPhase;
			buildActionMask = 2147483647;
			files = (
				C013EB7123E1E2F300F12CCB /* DictionaryEncoderTests.swift in Sources */,
				C013EB6F23E1E2F300F12CCB /* DictionaryDecoderTests.swift in Sources */,
				C013EB7023E1E2F300F12CCB /* DictionaryEncoderStrategiesTests.swift in Sources */,
				C013EB8323E205B000F12CCB /* DictionaryDecoderStrategiesTests.swift in Sources */,
				C013EB8023E1FA5C00F12CCB /* DictionaryDecoderTesting.swift in Sources */,
				C013EB8623E21A2E00F12CCB /* DictionaryEncoderTesting.swift in Sources */,
			);
			runOnlyForDeploymentPostprocessing = 0;
		};
		C0A01A4323CB92EB00AC2C3A /* Sources */ = {
			isa = PBXSourcesBuildPhase;
			buildActionMask = 2147483647;
			files = (
				C013EB5623E1E0AF00F12CCB /* DictionaryComponentEncoder.swift in Sources */,
				C013EB4D23E1E0AF00F12CCB /* DictionaryComponentContainer.swift in Sources */,
				C013EB5023E1E0AF00F12CCB /* DictionaryEncodingOptions.swift in Sources */,
				C013EB5D23E1E23B00F12CCB /* Optional+Extensions.swift in Sources */,
				C013EB3E23E1E0AF00F12CCB /* DictionaryNonConformingFloatEncodingStrategy.swift in Sources */,
				C013EB5923E1E0AF00F12CCB /* DictionaryComponent.swift in Sources */,
				C013EB1423E1E0AF00F12CCB /* AnyCodingKey.swift in Sources */,
				C013EB2923E1E0AF00F12CCB /* DictionaryComponentDecoder.swift in Sources */,
				C013EB1A23E1E0AF00F12CCB /* DictionaryKeyedDecodingContainer.swift in Sources */,
				C013EB2323E1E0AF00F12CCB /* DictionaryDataDecodingStrategy.swift in Sources */,
				C013EB4723E1E0AF00F12CCB /* DictionaryEncoder.swift in Sources */,
				C013EB1723E1E0AF00F12CCB /* DictionaryDecoder.swift in Sources */,
				C013EB3B23E1E0AF00F12CCB /* DictionaryDataEncodingStrategy.swift in Sources */,
				C013EB3223E1E0AF00F12CCB /* DictionaryDecodingOptions.swift in Sources */,
				C013EB2F23E1E0AF00F12CCB /* DictionaryUnkeyedDecodingContainer.swift in Sources */,
				C013EB5323E1E0AF00F12CCB /* DictionaryKeyedEncodingContainer.swift in Sources */,
				C013EB4123E1E0AF00F12CCB /* DictionaryAnyKeyedEncodingContainer.swift in Sources */,
				C013EB4423E1E0AF00F12CCB /* DictionaryUnkeyedEncodingContainer.swift in Sources */,
				C013EB1123E1E0AF00F12CCB /* RangeReplaceableCollection+Extensions.swift in Sources */,
				C013EB1D23E1E0AF00F12CCB /* DictionaryKeyDecodingStrategy.swift in Sources */,
				C013EB4A23E1E0AF00F12CCB /* DictionarySingleValueEncodingContainer.swift in Sources */,
				C013EB2623E1E0AF00F12CCB /* DictionaryNonConformingFloatDecodingStrategy.swift in Sources */,
				C013EB2C23E1E0AF00F12CCB /* DictionarySingleValueDecodingContainer.swift in Sources */,
				C013EB3823E1E0AF00F12CCB /* DictionaryDateEncodingStrategy.swift in Sources */,
				C013EB3523E1E0AF00F12CCB /* DictionaryKeyEncodingStrategy.swift in Sources */,
				C013EB2023E1E0AF00F12CCB /* DictionaryDateDecodingStrategy.swift in Sources */,
			);
			runOnlyForDeploymentPostprocessing = 0;
		};
		C0A01A4B23CB92EB00AC2C3A /* Sources */ = {
			isa = PBXSourcesBuildPhase;
			buildActionMask = 2147483647;
			files = (
				C013EB7923E1E2F400F12CCB /* DictionaryEncoderTests.swift in Sources */,
				C013EB7723E1E2F400F12CCB /* DictionaryDecoderTests.swift in Sources */,
				C013EB7623E1E2F400F12CCB /* DictionaryDecoderStrategiesTests.swift in Sources */,
				C013EB7823E1E2F400F12CCB /* DictionaryEncoderStrategiesTests.swift in Sources */,
				C013EB7F23E1FA5C00F12CCB /* DictionaryDecoderTesting.swift in Sources */,
				C013EB8723E21A2E00F12CCB /* DictionaryEncoderTesting.swift in Sources */,
			);
			runOnlyForDeploymentPostprocessing = 0;
		};
/* End PBXSourcesBuildPhase section */

/* Begin PBXTargetDependency section */
		C057F01A23CB8EEB00C2D895 /* PBXTargetDependency */ = {
			isa = PBXTargetDependency;
			target = C057F00D23CB8EEB00C2D895 /* DictionaryCoder iOS */;
			targetProxy = C057F01923CB8EEB00C2D895 /* PBXContainerItemProxy */;
		};
		C0A01A3423CB90F200AC2C3A /* PBXTargetDependency */ = {
			isa = PBXTargetDependency;
			target = C0A01A2823CB90F200AC2C3A /* DictionaryCoder macOS */;
			targetProxy = C0A01A3323CB90F200AC2C3A /* PBXContainerItemProxy */;
		};
		C0A01A5223CB92EB00AC2C3A /* PBXTargetDependency */ = {
			isa = PBXTargetDependency;
			target = C0A01A4623CB92EB00AC2C3A /* DictionaryCoder tvOS */;
			targetProxy = C0A01A5123CB92EB00AC2C3A /* PBXContainerItemProxy */;
		};
/* End PBXTargetDependency section */

/* Begin XCBuildConfiguration section */
		C006F1A72406B13E00C3F783 /* Debug */ = {
			isa = XCBuildConfiguration;
			buildSettings = {
				APPLICATION_EXTENSION_API_ONLY = YES;
				CODE_SIGN_IDENTITY = "";
				CODE_SIGN_STYLE = Automatic;
				DEFINES_MODULE = YES;
				DYLIB_COMPATIBILITY_VERSION = 1;
				DYLIB_CURRENT_VERSION = 1;
				DYLIB_INSTALL_NAME_BASE = "@rpath";
				INFOPLIST_FILE = Sources/Info.plist;
				INSTALL_PATH = "$(LOCAL_LIBRARY_DIR)/Frameworks";
				LD_RUNPATH_SEARCH_PATHS = (
					"$(inherited)",
					"@executable_path/Frameworks",
					"@loader_path/Frameworks",
				);
				MARKETING_VERSION = 1.0.2;
				PRODUCT_BUNDLE_IDENTIFIER = com.almazrafi.DictionaryCoder;
				PRODUCT_NAME = DictionaryCoder;
				SDKROOT = watchos;
				SKIP_INSTALL = YES;
				SWIFT_VERSION = 5.0;
				TARGETED_DEVICE_FAMILY = 4;
				TVOS_DEPLOYMENT_TARGET = 10.0;
				WATCHOS_DEPLOYMENT_TARGET = 3.0;
			};
			name = Debug;
		};
		C006F1A82406B13E00C3F783 /* Release */ = {
			isa = XCBuildConfiguration;
			buildSettings = {
				APPLICATION_EXTENSION_API_ONLY = YES;
				CODE_SIGN_IDENTITY = "";
				CODE_SIGN_STYLE = Automatic;
				DEFINES_MODULE = YES;
				DYLIB_COMPATIBILITY_VERSION = 1;
				DYLIB_CURRENT_VERSION = 1;
				DYLIB_INSTALL_NAME_BASE = "@rpath";
				INFOPLIST_FILE = Sources/Info.plist;
				INSTALL_PATH = "$(LOCAL_LIBRARY_DIR)/Frameworks";
				LD_RUNPATH_SEARCH_PATHS = (
					"$(inherited)",
					"@executable_path/Frameworks",
					"@loader_path/Frameworks",
				);
				MARKETING_VERSION = 1.0.2;
				PRODUCT_BUNDLE_IDENTIFIER = com.almazrafi.DictionaryCoder;
				PRODUCT_NAME = DictionaryCoder;
				SDKROOT = watchos;
				SKIP_INSTALL = YES;
				SWIFT_VERSION = 5.0;
				TARGETED_DEVICE_FAMILY = 4;
				TVOS_DEPLOYMENT_TARGET = 10.0;
				WATCHOS_DEPLOYMENT_TARGET = 3.0;
			};
			name = Release;
		};
		C057F02023CB8EEB00C2D895 /* Debug */ = {
			isa = XCBuildConfiguration;
			buildSettings = {
				ALWAYS_SEARCH_USER_PATHS = NO;
				CLANG_ANALYZER_NONNULL = YES;
				CLANG_ANALYZER_NUMBER_OBJECT_CONVERSION = YES_AGGRESSIVE;
				CLANG_CXX_LANGUAGE_STANDARD = "gnu++14";
				CLANG_CXX_LIBRARY = "libc++";
				CLANG_ENABLE_MODULES = YES;
				CLANG_ENABLE_OBJC_ARC = YES;
				CLANG_ENABLE_OBJC_WEAK = YES;
				CLANG_WARN_BLOCK_CAPTURE_AUTORELEASING = YES;
				CLANG_WARN_BOOL_CONVERSION = YES;
				CLANG_WARN_COMMA = YES;
				CLANG_WARN_CONSTANT_CONVERSION = YES;
				CLANG_WARN_DEPRECATED_OBJC_IMPLEMENTATIONS = YES;
				CLANG_WARN_DIRECT_OBJC_ISA_USAGE = YES_ERROR;
				CLANG_WARN_DOCUMENTATION_COMMENTS = YES;
				CLANG_WARN_EMPTY_BODY = YES;
				CLANG_WARN_ENUM_CONVERSION = YES;
				CLANG_WARN_INFINITE_RECURSION = YES;
				CLANG_WARN_INT_CONVERSION = YES;
				CLANG_WARN_NON_LITERAL_NULL_CONVERSION = YES;
				CLANG_WARN_OBJC_IMPLICIT_RETAIN_SELF = YES;
				CLANG_WARN_OBJC_LITERAL_CONVERSION = YES;
				CLANG_WARN_OBJC_ROOT_CLASS = YES_ERROR;
				CLANG_WARN_RANGE_LOOP_ANALYSIS = YES;
				CLANG_WARN_STRICT_PROTOTYPES = YES;
				CLANG_WARN_SUSPICIOUS_MOVE = YES;
				CLANG_WARN_UNGUARDED_AVAILABILITY = YES_AGGRESSIVE;
				CLANG_WARN_UNREACHABLE_CODE = YES;
				CLANG_WARN__DUPLICATE_METHOD_MATCH = YES;
				COPY_PHASE_STRIP = NO;
				CURRENT_PROJECT_VERSION = 1;
				DEBUG_INFORMATION_FORMAT = dwarf;
				ENABLE_STRICT_OBJC_MSGSEND = YES;
				ENABLE_TESTABILITY = YES;
				GCC_C_LANGUAGE_STANDARD = gnu11;
				GCC_DYNAMIC_NO_PIC = NO;
				GCC_NO_COMMON_BLOCKS = YES;
				GCC_OPTIMIZATION_LEVEL = 0;
				GCC_PREPROCESSOR_DEFINITIONS = (
					"DEBUG=1",
					"$(inherited)",
				);
				GCC_WARN_64_TO_32_BIT_CONVERSION = YES;
				GCC_WARN_ABOUT_RETURN_TYPE = YES_ERROR;
				GCC_WARN_UNDECLARED_SELECTOR = YES;
				GCC_WARN_UNINITIALIZED_AUTOS = YES_AGGRESSIVE;
				GCC_WARN_UNUSED_FUNCTION = YES;
				GCC_WARN_UNUSED_VARIABLE = YES;
				IPHONEOS_DEPLOYMENT_TARGET = 10.0;
				MACOSX_DEPLOYMENT_TARGET = 10.12;
				MTL_ENABLE_DEBUG_INFO = INCLUDE_SOURCE;
				MTL_FAST_MATH = YES;
				ONLY_ACTIVE_ARCH = YES;
				SDKROOT = iphoneos;
				SWIFT_ACTIVE_COMPILATION_CONDITIONS = DEBUG;
				SWIFT_OPTIMIZATION_LEVEL = "-Onone";
				VERSIONING_SYSTEM = "apple-generic";
				VERSION_INFO_PREFIX = "";
			};
			name = Debug;
		};
		C057F02123CB8EEB00C2D895 /* Release */ = {
			isa = XCBuildConfiguration;
			buildSettings = {
				ALWAYS_SEARCH_USER_PATHS = NO;
				CLANG_ANALYZER_NONNULL = YES;
				CLANG_ANALYZER_NUMBER_OBJECT_CONVERSION = YES_AGGRESSIVE;
				CLANG_CXX_LANGUAGE_STANDARD = "gnu++14";
				CLANG_CXX_LIBRARY = "libc++";
				CLANG_ENABLE_MODULES = YES;
				CLANG_ENABLE_OBJC_ARC = YES;
				CLANG_ENABLE_OBJC_WEAK = YES;
				CLANG_WARN_BLOCK_CAPTURE_AUTORELEASING = YES;
				CLANG_WARN_BOOL_CONVERSION = YES;
				CLANG_WARN_COMMA = YES;
				CLANG_WARN_CONSTANT_CONVERSION = YES;
				CLANG_WARN_DEPRECATED_OBJC_IMPLEMENTATIONS = YES;
				CLANG_WARN_DIRECT_OBJC_ISA_USAGE = YES_ERROR;
				CLANG_WARN_DOCUMENTATION_COMMENTS = YES;
				CLANG_WARN_EMPTY_BODY = YES;
				CLANG_WARN_ENUM_CONVERSION = YES;
				CLANG_WARN_INFINITE_RECURSION = YES;
				CLANG_WARN_INT_CONVERSION = YES;
				CLANG_WARN_NON_LITERAL_NULL_CONVERSION = YES;
				CLANG_WARN_OBJC_IMPLICIT_RETAIN_SELF = YES;
				CLANG_WARN_OBJC_LITERAL_CONVERSION = YES;
				CLANG_WARN_OBJC_ROOT_CLASS = YES_ERROR;
				CLANG_WARN_RANGE_LOOP_ANALYSIS = YES;
				CLANG_WARN_STRICT_PROTOTYPES = YES;
				CLANG_WARN_SUSPICIOUS_MOVE = YES;
				CLANG_WARN_UNGUARDED_AVAILABILITY = YES_AGGRESSIVE;
				CLANG_WARN_UNREACHABLE_CODE = YES;
				CLANG_WARN__DUPLICATE_METHOD_MATCH = YES;
				COPY_PHASE_STRIP = NO;
				CURRENT_PROJECT_VERSION = 1;
				DEBUG_INFORMATION_FORMAT = "dwarf-with-dsym";
				ENABLE_NS_ASSERTIONS = NO;
				ENABLE_STRICT_OBJC_MSGSEND = YES;
				GCC_C_LANGUAGE_STANDARD = gnu11;
				GCC_NO_COMMON_BLOCKS = YES;
				GCC_WARN_64_TO_32_BIT_CONVERSION = YES;
				GCC_WARN_ABOUT_RETURN_TYPE = YES_ERROR;
				GCC_WARN_UNDECLARED_SELECTOR = YES;
				GCC_WARN_UNINITIALIZED_AUTOS = YES_AGGRESSIVE;
				GCC_WARN_UNUSED_FUNCTION = YES;
				GCC_WARN_UNUSED_VARIABLE = YES;
				IPHONEOS_DEPLOYMENT_TARGET = 10.0;
				MACOSX_DEPLOYMENT_TARGET = 10.12;
				MTL_ENABLE_DEBUG_INFO = NO;
				MTL_FAST_MATH = YES;
				SDKROOT = iphoneos;
				SWIFT_COMPILATION_MODE = wholemodule;
				SWIFT_OPTIMIZATION_LEVEL = "-O";
				VALIDATE_PRODUCT = YES;
				VERSIONING_SYSTEM = "apple-generic";
				VERSION_INFO_PREFIX = "";
			};
			name = Release;
		};
		C057F02323CB8EEB00C2D895 /* Debug */ = {
			isa = XCBuildConfiguration;
			buildSettings = {
				CLANG_ENABLE_MODULES = YES;
				CODE_SIGN_IDENTITY = "";
				CODE_SIGN_STYLE = Automatic;
				DEFINES_MODULE = YES;
				DYLIB_COMPATIBILITY_VERSION = 1;
				DYLIB_CURRENT_VERSION = 1;
				DYLIB_INSTALL_NAME_BASE = "@rpath";
				INFOPLIST_FILE = Sources/Info.plist;
				INSTALL_PATH = "$(LOCAL_LIBRARY_DIR)/Frameworks";
				LD_RUNPATH_SEARCH_PATHS = (
					"$(inherited)",
					"@executable_path/Frameworks",
					"@loader_path/Frameworks",
				);
				MARKETING_VERSION = 1.0.2;
				PRODUCT_BUNDLE_IDENTIFIER = com.almazrafi.DictionaryCoder;
				PRODUCT_NAME = DictionaryCoder;
				SKIP_INSTALL = YES;
				SWIFT_VERSION = 5.0;
				TARGETED_DEVICE_FAMILY = "1,2";
				TVOS_DEPLOYMENT_TARGET = 10.0;
				WATCHOS_DEPLOYMENT_TARGET = 3.0;
			};
			name = Debug;
		};
		C057F02423CB8EEB00C2D895 /* Release */ = {
			isa = XCBuildConfiguration;
			buildSettings = {
				CLANG_ENABLE_MODULES = YES;
				CODE_SIGN_IDENTITY = "";
				CODE_SIGN_STYLE = Automatic;
				DEFINES_MODULE = YES;
				DYLIB_COMPATIBILITY_VERSION = 1;
				DYLIB_CURRENT_VERSION = 1;
				DYLIB_INSTALL_NAME_BASE = "@rpath";
				INFOPLIST_FILE = Sources/Info.plist;
				INSTALL_PATH = "$(LOCAL_LIBRARY_DIR)/Frameworks";
				LD_RUNPATH_SEARCH_PATHS = (
					"$(inherited)",
					"@executable_path/Frameworks",
					"@loader_path/Frameworks",
				);
				MARKETING_VERSION = 1.0.2;
				PRODUCT_BUNDLE_IDENTIFIER = com.almazrafi.DictionaryCoder;
				PRODUCT_NAME = DictionaryCoder;
				SKIP_INSTALL = YES;
				SWIFT_VERSION = 5.0;
				TARGETED_DEVICE_FAMILY = "1,2";
				TVOS_DEPLOYMENT_TARGET = 10.0;
				WATCHOS_DEPLOYMENT_TARGET = 3.0;
			};
			name = Release;
		};
		C057F02623CB8EEB00C2D895 /* Debug */ = {
			isa = XCBuildConfiguration;
			buildSettings = {
				ALWAYS_EMBED_SWIFT_STANDARD_LIBRARIES = YES;
				CODE_SIGN_IDENTITY = "";
				CODE_SIGN_STYLE = Automatic;
				INFOPLIST_FILE = Tests/Info.plist;
				LD_RUNPATH_SEARCH_PATHS = (
					"$(inherited)",
					"@executable_path/Frameworks",
					"@loader_path/Frameworks",
				);
				PRODUCT_BUNDLE_IDENTIFIER = "com.almazrafi.DictionaryCoder.Tests-iOS";
				PRODUCT_NAME = "$(TARGET_NAME)";
				SWIFT_VERSION = 5.0;
				TARGETED_DEVICE_FAMILY = "1,2";
				TVOS_DEPLOYMENT_TARGET = 10.0;
				WATCHOS_DEPLOYMENT_TARGET = 3.0;
			};
			name = Debug;
		};
		C057F02723CB8EEB00C2D895 /* Release */ = {
			isa = XCBuildConfiguration;
			buildSettings = {
				ALWAYS_EMBED_SWIFT_STANDARD_LIBRARIES = YES;
				CODE_SIGN_IDENTITY = "";
				CODE_SIGN_STYLE = Automatic;
				INFOPLIST_FILE = Tests/Info.plist;
				LD_RUNPATH_SEARCH_PATHS = (
					"$(inherited)",
					"@executable_path/Frameworks",
					"@loader_path/Frameworks",
				);
				PRODUCT_BUNDLE_IDENTIFIER = "com.almazrafi.DictionaryCoder.Tests-iOS";
				PRODUCT_NAME = "$(TARGET_NAME)";
				SWIFT_VERSION = 5.0;
				TARGETED_DEVICE_FAMILY = "1,2";
				TVOS_DEPLOYMENT_TARGET = 10.0;
				WATCHOS_DEPLOYMENT_TARGET = 3.0;
			};
			name = Release;
		};
		C0A01A3B23CB90F200AC2C3A /* Debug */ = {
			isa = XCBuildConfiguration;
			buildSettings = {
				CLANG_ENABLE_MODULES = YES;
				CODE_SIGN_STYLE = Automatic;
				COMBINE_HIDPI_IMAGES = YES;
				DEFINES_MODULE = YES;
				DYLIB_COMPATIBILITY_VERSION = 1;
				DYLIB_CURRENT_VERSION = 1;
				DYLIB_INSTALL_NAME_BASE = "@rpath";
				INFOPLIST_FILE = Sources/Info.plist;
				INSTALL_PATH = "$(LOCAL_LIBRARY_DIR)/Frameworks";
				LD_RUNPATH_SEARCH_PATHS = (
					"$(inherited)",
					"@executable_path/../Frameworks",
					"@loader_path/Frameworks",
				);
				MACOSX_DEPLOYMENT_TARGET = 10.12;
				MARKETING_VERSION = 1.0.2;
				PRODUCT_BUNDLE_IDENTIFIER = com.almazrafi.DictionaryCoder;
				PRODUCT_NAME = DictionaryCoder;
				SDKROOT = macosx;
				SKIP_INSTALL = YES;
				SWIFT_VERSION = 5.0;
				TVOS_DEPLOYMENT_TARGET = 10.0;
				WATCHOS_DEPLOYMENT_TARGET = 3.0;
			};
			name = Debug;
		};
		C0A01A3C23CB90F200AC2C3A /* Release */ = {
			isa = XCBuildConfiguration;
			buildSettings = {
				CLANG_ENABLE_MODULES = YES;
				CODE_SIGN_STYLE = Automatic;
				COMBINE_HIDPI_IMAGES = YES;
				DEFINES_MODULE = YES;
				DYLIB_COMPATIBILITY_VERSION = 1;
				DYLIB_CURRENT_VERSION = 1;
				DYLIB_INSTALL_NAME_BASE = "@rpath";
				INFOPLIST_FILE = Sources/Info.plist;
				INSTALL_PATH = "$(LOCAL_LIBRARY_DIR)/Frameworks";
				LD_RUNPATH_SEARCH_PATHS = (
					"$(inherited)",
					"@executable_path/../Frameworks",
					"@loader_path/Frameworks",
				);
				MACOSX_DEPLOYMENT_TARGET = 10.12;
				MARKETING_VERSION = 1.0.2;
				PRODUCT_BUNDLE_IDENTIFIER = com.almazrafi.DictionaryCoder;
				PRODUCT_NAME = DictionaryCoder;
				SDKROOT = macosx;
				SKIP_INSTALL = YES;
				SWIFT_VERSION = 5.0;
				TVOS_DEPLOYMENT_TARGET = 10.0;
				WATCHOS_DEPLOYMENT_TARGET = 3.0;
			};
			name = Release;
		};
		C0A01A3E23CB90F200AC2C3A /* Debug */ = {
			isa = XCBuildConfiguration;
			buildSettings = {
				ALWAYS_EMBED_SWIFT_STANDARD_LIBRARIES = YES;
				CODE_SIGN_STYLE = Automatic;
				COMBINE_HIDPI_IMAGES = YES;
				INFOPLIST_FILE = Tests/Info.plist;
				LD_RUNPATH_SEARCH_PATHS = (
					"$(inherited)",
					"@executable_path/../Frameworks",
					"@loader_path/../Frameworks",
				);
				MACOSX_DEPLOYMENT_TARGET = 10.12;
				PRODUCT_BUNDLE_IDENTIFIER = "com.almazrafi.DictionaryCoder.Tests-macOS";
				PRODUCT_NAME = "$(TARGET_NAME)";
				SDKROOT = macosx;
				SWIFT_VERSION = 5.0;
				TVOS_DEPLOYMENT_TARGET = 10.0;
				WATCHOS_DEPLOYMENT_TARGET = 3.0;
			};
			name = Debug;
		};
		C0A01A3F23CB90F200AC2C3A /* Release */ = {
			isa = XCBuildConfiguration;
			buildSettings = {
				ALWAYS_EMBED_SWIFT_STANDARD_LIBRARIES = YES;
				CODE_SIGN_STYLE = Automatic;
				COMBINE_HIDPI_IMAGES = YES;
				INFOPLIST_FILE = Tests/Info.plist;
				LD_RUNPATH_SEARCH_PATHS = (
					"$(inherited)",
					"@executable_path/../Frameworks",
					"@loader_path/../Frameworks",
				);
				MACOSX_DEPLOYMENT_TARGET = 10.12;
				PRODUCT_BUNDLE_IDENTIFIER = "com.almazrafi.DictionaryCoder.Tests-macOS";
				PRODUCT_NAME = "$(TARGET_NAME)";
				SDKROOT = macosx;
				SWIFT_VERSION = 5.0;
				TVOS_DEPLOYMENT_TARGET = 10.0;
				WATCHOS_DEPLOYMENT_TARGET = 3.0;
			};
			name = Release;
		};
		C0A01A5923CB92EB00AC2C3A /* Debug */ = {
			isa = XCBuildConfiguration;
			buildSettings = {
				CLANG_ENABLE_MODULES = YES;
				CODE_SIGN_IDENTITY = "";
				CODE_SIGN_STYLE = Automatic;
				DEFINES_MODULE = YES;
				DYLIB_COMPATIBILITY_VERSION = 1;
				DYLIB_CURRENT_VERSION = 1;
				DYLIB_INSTALL_NAME_BASE = "@rpath";
				INFOPLIST_FILE = Sources/Info.plist;
				INSTALL_PATH = "$(LOCAL_LIBRARY_DIR)/Frameworks";
				LD_RUNPATH_SEARCH_PATHS = (
					"$(inherited)",
					"@executable_path/Frameworks",
					"@loader_path/Frameworks",
				);
				MARKETING_VERSION = 1.0.2;
				PRODUCT_BUNDLE_IDENTIFIER = com.almazrafi.DictionaryCoder;
				PRODUCT_NAME = DictionaryCoder;
				SDKROOT = appletvos;
				SKIP_INSTALL = YES;
				SWIFT_VERSION = 5.0;
				TARGETED_DEVICE_FAMILY = 3;
				TVOS_DEPLOYMENT_TARGET = 10.0;
				WATCHOS_DEPLOYMENT_TARGET = 3.0;
			};
			name = Debug;
		};
		C0A01A5A23CB92EB00AC2C3A /* Release */ = {
			isa = XCBuildConfiguration;
			buildSettings = {
				CLANG_ENABLE_MODULES = YES;
				CODE_SIGN_IDENTITY = "";
				CODE_SIGN_STYLE = Automatic;
				DEFINES_MODULE = YES;
				DYLIB_COMPATIBILITY_VERSION = 1;
				DYLIB_CURRENT_VERSION = 1;
				DYLIB_INSTALL_NAME_BASE = "@rpath";
				INFOPLIST_FILE = Sources/Info.plist;
				INSTALL_PATH = "$(LOCAL_LIBRARY_DIR)/Frameworks";
				LD_RUNPATH_SEARCH_PATHS = (
					"$(inherited)",
					"@executable_path/Frameworks",
					"@loader_path/Frameworks",
				);
				MARKETING_VERSION = 1.0.2;
				PRODUCT_BUNDLE_IDENTIFIER = com.almazrafi.DictionaryCoder;
				PRODUCT_NAME = DictionaryCoder;
				SDKROOT = appletvos;
				SKIP_INSTALL = YES;
				SWIFT_VERSION = 5.0;
				TARGETED_DEVICE_FAMILY = 3;
				TVOS_DEPLOYMENT_TARGET = 10.0;
				WATCHOS_DEPLOYMENT_TARGET = 3.0;
			};
			name = Release;
		};
		C0A01A5C23CB92EB00AC2C3A /* Debug */ = {
			isa = XCBuildConfiguration;
			buildSettings = {
				ALWAYS_EMBED_SWIFT_STANDARD_LIBRARIES = YES;
				CODE_SIGN_IDENTITY = "";
				CODE_SIGN_STYLE = Automatic;
				INFOPLIST_FILE = Tests/Info.plist;
				LD_RUNPATH_SEARCH_PATHS = (
					"$(inherited)",
					"@executable_path/Frameworks",
					"@loader_path/Frameworks",
				);
				PRODUCT_BUNDLE_IDENTIFIER = "com.almazrafi.DictionaryCoder.Tests-tvOS";
				PRODUCT_NAME = "$(TARGET_NAME)";
				SDKROOT = appletvos;
				SWIFT_VERSION = 5.0;
				TARGETED_DEVICE_FAMILY = 3;
				TVOS_DEPLOYMENT_TARGET = 10.0;
				WATCHOS_DEPLOYMENT_TARGET = 3.0;
			};
			name = Debug;
		};
		C0A01A5D23CB92EB00AC2C3A /* Release */ = {
			isa = XCBuildConfiguration;
			buildSettings = {
				ALWAYS_EMBED_SWIFT_STANDARD_LIBRARIES = YES;
				CODE_SIGN_IDENTITY = "";
				CODE_SIGN_STYLE = Automatic;
				INFOPLIST_FILE = Tests/Info.plist;
				LD_RUNPATH_SEARCH_PATHS = (
					"$(inherited)",
					"@executable_path/Frameworks",
					"@loader_path/Frameworks",
				);
				PRODUCT_BUNDLE_IDENTIFIER = "com.almazrafi.DictionaryCoder.Tests-tvOS";
				PRODUCT_NAME = "$(TARGET_NAME)";
				SDKROOT = appletvos;
				SWIFT_VERSION = 5.0;
				TARGETED_DEVICE_FAMILY = 3;
				TVOS_DEPLOYMENT_TARGET = 10.0;
				WATCHOS_DEPLOYMENT_TARGET = 3.0;
			};
			name = Release;
		};
/* End XCBuildConfiguration section */

/* Begin XCConfigurationList section */
		C006F1A92406B13E00C3F783 /* Build configuration list for PBXNativeTarget "DictionaryCoder watchOS" */ = {
			isa = XCConfigurationList;
			buildConfigurations = (
				C006F1A72406B13E00C3F783 /* Debug */,
				C006F1A82406B13E00C3F783 /* Release */,
			);
			defaultConfigurationIsVisible = 0;
			defaultConfigurationName = Release;
		};
		C057F00823CB8EEB00C2D895 /* Build configuration list for PBXProject "DictionaryCoder" */ = {
			isa = XCConfigurationList;
			buildConfigurations = (
				C057F02023CB8EEB00C2D895 /* Debug */,
				C057F02123CB8EEB00C2D895 /* Release */,
			);
			defaultConfigurationIsVisible = 0;
			defaultConfigurationName = Release;
		};
		C057F02223CB8EEB00C2D895 /* Build configuration list for PBXNativeTarget "DictionaryCoder iOS" */ = {
			isa = XCConfigurationList;
			buildConfigurations = (
				C057F02323CB8EEB00C2D895 /* Debug */,
				C057F02423CB8EEB00C2D895 /* Release */,
			);
			defaultConfigurationIsVisible = 0;
			defaultConfigurationName = Release;
		};
		C057F02523CB8EEB00C2D895 /* Build configuration list for PBXNativeTarget "DictionaryCoder Tests iOS" */ = {
			isa = XCConfigurationList;
			buildConfigurations = (
				C057F02623CB8EEB00C2D895 /* Debug */,
				C057F02723CB8EEB00C2D895 /* Release */,
			);
			defaultConfigurationIsVisible = 0;
			defaultConfigurationName = Release;
		};
		C0A01A3A23CB90F200AC2C3A /* Build configuration list for PBXNativeTarget "DictionaryCoder macOS" */ = {
			isa = XCConfigurationList;
			buildConfigurations = (
				C0A01A3B23CB90F200AC2C3A /* Debug */,
				C0A01A3C23CB90F200AC2C3A /* Release */,
			);
			defaultConfigurationIsVisible = 0;
			defaultConfigurationName = Release;
		};
		C0A01A3D23CB90F200AC2C3A /* Build configuration list for PBXNativeTarget "DictionaryCoder Tests macOS" */ = {
			isa = XCConfigurationList;
			buildConfigurations = (
				C0A01A3E23CB90F200AC2C3A /* Debug */,
				C0A01A3F23CB90F200AC2C3A /* Release */,
			);
			defaultConfigurationIsVisible = 0;
			defaultConfigurationName = Release;
		};
		C0A01A5823CB92EB00AC2C3A /* Build configuration list for PBXNativeTarget "DictionaryCoder tvOS" */ = {
			isa = XCConfigurationList;
			buildConfigurations = (
				C0A01A5923CB92EB00AC2C3A /* Debug */,
				C0A01A5A23CB92EB00AC2C3A /* Release */,
			);
			defaultConfigurationIsVisible = 0;
			defaultConfigurationName = Release;
		};
		C0A01A5B23CB92EB00AC2C3A /* Build configuration list for PBXNativeTarget "DictionaryCoder Tests tvOS" */ = {
			isa = XCConfigurationList;
			buildConfigurations = (
				C0A01A5C23CB92EB00AC2C3A /* Debug */,
				C0A01A5D23CB92EB00AC2C3A /* Release */,
			);
			defaultConfigurationIsVisible = 0;
			defaultConfigurationName = Release;
		};
/* End XCConfigurationList section */
	};
	rootObject = C057F00523CB8EEB00C2D895 /* Project object */;
}
